# This file is generated by running "yarn install" inside your project.
# Manual changes might be lost - proceed with caution!

__metadata:
  version: 6
  cacheKey: 8

"@babel/code-frame@npm:^7.0.0":
  version: 7.27.1
  resolution: "@babel/code-frame@npm:7.27.1"
  dependencies:
    "@babel/helper-validator-identifier": ^7.27.1
    js-tokens: ^4.0.0
    picocolors: ^1.1.1
  checksum: 5874edc5d37406c4a0bb14cf79c8e51ad412fb0423d176775ac14fc0259831be1bf95bdda9c2aa651126990505e09a9f0ed85deaa99893bc316d2682c5115bdc
  languageName: node
  linkType: hard

"@babel/helper-validator-identifier@npm:^7.27.1":
  version: 7.27.1
  resolution: "@babel/helper-validator-identifier@npm:7.27.1"
  checksum: 3c7e8391e59d6c85baeefe9afb86432f2ab821c6232b00ea9082a51d3e7e95a2f3fb083d74dc1f49ac82cf238e1d2295dafcb001f7b0fab479f3f56af5eaaa47
  languageName: node
  linkType: hard

"@csstools/postcss-is-pseudo-class@npm:^5.0.1":
  version: 5.0.3
  resolution: "@csstools/postcss-is-pseudo-class@npm:5.0.3"
  dependencies:
    "@csstools/selector-specificity": ^5.0.0
    postcss-selector-parser: ^7.0.0
  peerDependencies:
    postcss: ^8.4
  checksum: 60474c5d651bd4dd940c2727d71b235390fb631fc347d0b29f92f7d29cf812e6c796284eeb9206441bfcd00b778068a2fadc465262a4752310b2f9abbc432973
  languageName: node
  linkType: hard

"@csstools/selector-resolve-nested@npm:^3.1.0":
  version: 3.1.0
  resolution: "@csstools/selector-resolve-nested@npm:3.1.0"
  peerDependencies:
    postcss-selector-parser: ^7.0.0
  checksum: eaad6a6c99345cae2849a2c73daf53381fabd75851eefd830ee743e4d454d4e2930aa99c8b9e651fed92b9a8361f352c6c754abf82c576bba4953f1e59c927e9
  languageName: node
  linkType: hard

"@csstools/selector-specificity@npm:^5.0.0":
  version: 5.0.0
  resolution: "@csstools/selector-specificity@npm:5.0.0"
  peerDependencies:
    postcss-selector-parser: ^7.0.0
  checksum: 8df1a01a1fa52b66c7ba0286e1c77d1faff45009876f09ddcac542a1c4bca9f34ee92a10acf056b8e7b7ac93679c1635496c6cdfd7d88dbaff2b6afd1eb823ec
  languageName: node
  linkType: hard

"@marp-team/marp-cli@npm:^4.2.1":
  version: 4.2.1
  resolution: "@marp-team/marp-cli@npm:4.2.1"
  dependencies:
    "@marp-team/marp-core": ^4.1.0
    "@marp-team/marpit": ^3.1.3
    chokidar: ^4.0.3
    cosmiconfig: ^9.0.0
    puppeteer-core: ^24.14.0
    serve-index: ^1.9.1
    tmp: ^0.2.3
    ws: ^8.18.3
    yargs: ^17.7.2
  bin:
    marp: marp-cli.js
  checksum: 49c8d84302648a934a4496267a0aec06b399da34d4ffcdd0dbe7d84f2049ec3d6719908b6c2f1eb29be397c51b9b2526fdca729d464d0f6a6978e838f98e6b83
  languageName: node
  linkType: hard

"@marp-team/marp-core@npm:^4.1.0":
  version: 4.1.0
  resolution: "@marp-team/marp-core@npm:4.1.0"
  dependencies:
    "@marp-team/marpit": ^3.1.3
    "@marp-team/marpit-svg-polyfill": ^2.1.0
    highlight.js: ^11.11.1
    katex: ^0.16.22
    mathjax-full: ^3.2.2
    postcss: ^8.5.3
    postcss-selector-parser: ^7.1.0
    xss: ^1.0.15
  checksum: 3b16f74d6825c8977d3623132ab9b5c4a2d98f27e16cfa5ade03e308aa88193d872c655dc58698c5a0a839df649cbce19ce7f54fbda55cce25239cb339422de6
  languageName: node
  linkType: hard

"@marp-team/marpit-svg-polyfill@npm:^2.1.0":
  version: 2.1.0
  resolution: "@marp-team/marpit-svg-polyfill@npm:2.1.0"
  peerDependencies:
    "@marp-team/marpit": ">=0.5.0"
  peerDependenciesMeta:
    "@marp-team/marpit":
      optional: true
  checksum: 2f7b9d1a02e9713ae052bee3fa1ccf6b2f9b13e46c5c2fb0f5db9518140039fa01082a8eac7c94dd0d7cf3ca6e2ca7a702b4073d589a9414931a770332f08bc8
  languageName: node
  linkType: hard

"@marp-team/marpit@npm:^3.1.3":
  version: 3.1.3
  resolution: "@marp-team/marpit@npm:3.1.3"
  dependencies:
    "@csstools/postcss-is-pseudo-class": ^5.0.1
    cssesc: ^3.0.0
    js-yaml: ^4.1.0
    lodash.kebabcase: ^4.1.1
    markdown-it: ^14.1.0
    markdown-it-front-matter: ^0.2.4
    postcss: ^8.5.3
    postcss-nesting: ^13.0.1
  checksum: d87c4820a37256116256c101b477d39ec100f4a31e7280aad431fbc4dcfed349bf449161cae6f18850728097e1218d55d690579d96c6ac08c6fa1e56a9138b37
  languageName: node
  linkType: hard

"@puppeteer/browsers@npm:2.10.6":
  version: 2.10.6
  resolution: "@puppeteer/browsers@npm:2.10.6"
  dependencies:
    debug: ^4.4.1
    extract-zip: ^2.0.1
    progress: ^2.0.3
    proxy-agent: ^6.5.0
    semver: ^7.7.2
    tar-fs: ^3.1.0
    yargs: ^17.7.2
  bin:
    browsers: lib/cjs/main-cli.js
  checksum: c3ea191ebc733cbc367328f537974300a05b8d11a8bc5aa58498ab6ee5a6b3b321b0821178298aa13f28264f1937b4fdae732dd903f99d6d8b89b9d6b4071a03
  languageName: node
  linkType: hard

"@tootallnate/quickjs-emscripten@npm:^0.23.0":
  version: 0.23.0
  resolution: "@tootallnate/quickjs-emscripten@npm:0.23.0"
  checksum: c350a2947ffb80b22e14ff35099fd582d1340d65723384a0fd0515e905e2534459ad2f301a43279a37308a27c99273c932e64649abd57d0bb3ca8c557150eccc
  languageName: node
  linkType: hard

"@types/node@npm:*":
  version: 24.1.0
  resolution: "@types/node@npm:24.1.0"
  dependencies:
    undici-types: ~7.8.0
  checksum: 01f9a97909eec619d937af3bc00ac49461e1846656b4d060f648145df06508eb6d77c200637a792481ee93a73976ced46cfbbdfe307e79be0f58ccdc415dfcd2
  languageName: node
  linkType: hard

"@types/yauzl@npm:^2.9.1":
  version: 2.10.3
  resolution: "@types/yauzl@npm:2.10.3"
  dependencies:
    "@types/node": "*"
  checksum: 5ee966ea7bd6b2802f31ad4281c92c4c0b6dfa593c378a2582c58541fa113bec3d70eb0696b34ad95e8e6861a884cba6c3e351285816693ed176222f840a8c08
  languageName: node
  linkType: hard

"@xmldom/xmldom@npm:0.9.8":
  version: 0.9.8
  resolution: "@xmldom/xmldom@npm:0.9.8"
  checksum: f8d16ad3c8083312575850fa4f2c13a2b884a37021dbb0146c6b2575bd3ddbf4c900530b49a55a7f62088ecf9809173fd7138985e7e58ddab786578970e09c59
  languageName: node
  linkType: hard

"accepts@npm:~1.3.4":
  version: 1.3.8
  resolution: "accepts@npm:1.3.8"
  dependencies:
    mime-types: ~2.1.34
    negotiator: 0.6.3
  checksum: 50c43d32e7b50285ebe84b613ee4a3aa426715a7d131b65b786e2ead0fd76b6b60091b9916d3478a75f11f162628a2139991b6c03ab3f1d9ab7c86075dc8eab4
  languageName: node
  linkType: hard

"agent-base@npm:^7.1.0, agent-base@npm:^7.1.2":
  version: 7.1.4
  resolution: "agent-base@npm:7.1.4"
  checksum: 86a7f542af277cfbd77dd61e7df8422f90bac512953709003a1c530171a9d019d072e2400eab2b59f84b49ab9dd237be44315ca663ac73e82b3922d10ea5eafa
  languageName: node
  linkType: hard

"ansi-regex@npm:^5.0.1":
  version: 5.0.1
  resolution: "ansi-regex@npm:5.0.1"
  checksum: 2aa4bb54caf2d622f1afdad09441695af2a83aa3fe8b8afa581d205e57ed4261c183c4d3877cee25794443fde5876417d859c108078ab788d6af7e4fe52eb66b
  languageName: node
  linkType: hard

"ansi-styles@npm:^4.0.0":
  version: 4.3.0
  resolution: "ansi-styles@npm:4.3.0"
  dependencies:
    color-convert: ^2.0.1
  checksum: 513b44c3b2105dd14cc42a19271e80f386466c4be574bccf60b627432f9198571ebf4ab1e4c3ba17347658f4ee1711c163d574248c0c1cdc2d5917a0ad582ec4
  languageName: node
  linkType: hard

"argparse@npm:^2.0.1":
  version: 2.0.1
  resolution: "argparse@npm:2.0.1"
  checksum: 83644b56493e89a254bae05702abf3a1101b4fa4d0ca31df1c9985275a5a5bd47b3c27b7fa0b71098d41114d8ca000e6ed90cad764b306f8a503665e4d517ced
  languageName: node
  linkType: hard

"ast-types@npm:^0.13.4":
  version: 0.13.4
  resolution: "ast-types@npm:0.13.4"
  dependencies:
    tslib: ^2.0.1
  checksum: 5a51f7b70588ecced3601845a0e203279ca2f5fdc184416a0a1640c93ec0a267241d6090a328e78eebb8de81f8754754e0a4f1558ba2a3d638f8ccbd0b1f0eff
  languageName: node
  linkType: hard

"b4a@npm:^1.6.4":
  version: 1.6.7
  resolution: "b4a@npm:1.6.7"
  checksum: afe4e239b49c0ef62236fe0d788ac9bd9d7eac7e9855b0d1835593cd0efcc7be394f9cc28a747a2ed2cdcb0a48c3528a551a196f472eb625457c711169c9efa2
  languageName: node
  linkType: hard

"bare-events@npm:^2.2.0, bare-events@npm:^2.5.4":
  version: 2.6.0
  resolution: "bare-events@npm:2.6.0"
  checksum: d6e95797ea539b39e2c31391d8410d3e0f959b19aa7cc3b7ba1f8acf188c7bd4cb5c596d6d4e6ad3836ffdf5285c8647d82667ca88fb9a1f4ab5de3f86fac3b9
  languageName: node
  linkType: hard

"bare-fs@npm:^4.0.1":
  version: 4.1.6
  resolution: "bare-fs@npm:4.1.6"
  dependencies:
    bare-events: ^2.5.4
    bare-path: ^3.0.0
    bare-stream: ^2.6.4
  peerDependencies:
    bare-buffer: "*"
  peerDependenciesMeta:
    bare-buffer:
      optional: true
  checksum: f623749f4fb5ddba2b7a9a2e58a5b8a1d4a3aa0f37ff26d271e14e01fd8bfc6e60dfa4a9ccb0e7f4abdceddce89d56f395498465270063af6d5313293e0edeea
  languageName: node
  linkType: hard

"bare-os@npm:^3.0.1":
  version: 3.6.1
  resolution: "bare-os@npm:3.6.1"
  checksum: 2fcdbaa631e02e2b7a4a38ded4586ae8bef2d329c6933b9dca8c543b4af0ac3c257fdf0ff3339b83259e179e07873f300e61c75c0a1e6b796c0214b1fbae8696
  languageName: node
  linkType: hard

"bare-path@npm:^3.0.0":
  version: 3.0.0
  resolution: "bare-path@npm:3.0.0"
  dependencies:
    bare-os: ^3.0.1
  checksum: 51d559515f332f62cf9c37c38f2640c1b84b5e8c9de454b70baf029f806058cf94c51d6a0dfec0025cc7760f2069dc3e16c82f0d24f4a9ddb18c829bf9c0206d
  languageName: node
  linkType: hard

"bare-stream@npm:^2.6.4":
  version: 2.6.5
  resolution: "bare-stream@npm:2.6.5"
  dependencies:
    streamx: ^2.21.0
  peerDependencies:
    bare-buffer: "*"
    bare-events: "*"
  peerDependenciesMeta:
    bare-buffer:
      optional: true
    bare-events:
      optional: true
  checksum: 6a3d4baf8ded0bdc465b7b0b65dfbb8e40f7520ee8899adcae5fd37949d5c520412164116659750ad841215b03ce761fe252a626cd4fe3ec9df0440c6fd07a96
  languageName: node
  linkType: hard

"basic-ftp@npm:^5.0.2":
  version: 5.0.5
  resolution: "basic-ftp@npm:5.0.5"
  checksum: bc82d1c1c61cd838eaca96d68ece888bacf07546642fb6b9b8328ed410756f5935f8cf43a42cb44bb343e0565e28e908adc54c298bd2f1a6e0976871fb11fec6
  languageName: node
  linkType: hard

"batch@npm:0.6.1":
  version: 0.6.1
  resolution: "batch@npm:0.6.1"
  checksum: 61f9934c7378a51dce61b915586191078ef7f1c3eca707fdd58b96ff2ff56d9e0af2bdab66b1462301a73c73374239e6542d9821c0af787f3209a23365d07e7f
  languageName: node
  linkType: hard

"buffer-crc32@npm:~0.2.3":
  version: 0.2.13
  resolution: "buffer-crc32@npm:0.2.13"
  checksum: 06252347ae6daca3453b94e4b2f1d3754a3b146a111d81c68924c22d91889a40623264e95e67955b1cb4a68cbedf317abeabb5140a9766ed248973096db5ce1c
  languageName: node
  linkType: hard

"callsites@npm:^3.0.0":
  version: 3.1.0
  resolution: "callsites@npm:3.1.0"
  checksum: 072d17b6abb459c2ba96598918b55868af677154bec7e73d222ef95a8fdb9bbf7dae96a8421085cdad8cd190d86653b5b6dc55a4484f2e5b2e27d5e0c3fc15b3
  languageName: node
  linkType: hard

"chokidar@npm:^4.0.3":
  version: 4.0.3
  resolution: "chokidar@npm:4.0.3"
  dependencies:
    readdirp: ^4.0.1
  checksum: a8765e452bbafd04f3f2fad79f04222dd65f43161488bb6014a41099e6ca18d166af613d59a90771908c1c823efa3f46ba36b86ac50b701c20c1b9908c5fe36e
  languageName: node
  linkType: hard

"chromium-bidi@npm:7.2.0":
  version: 7.2.0
  resolution: "chromium-bidi@npm:7.2.0"
  dependencies:
    mitt: ^3.0.1
    zod: ^3.24.1
  peerDependencies:
    devtools-protocol: "*"
  checksum: b5835813c70544f1aebf846dbb4bd2388663f011d7a0d92cec1084807f62929bcf5359e1e68bfb09b258f4dd588b1042b711127ad51957285aa944b0e9a3551d
  languageName: node
  linkType: hard

"cliui@npm:^8.0.1":
  version: 8.0.1
  resolution: "cliui@npm:8.0.1"
  dependencies:
    string-width: ^4.2.0
    strip-ansi: ^6.0.1
    wrap-ansi: ^7.0.0
  checksum: 79648b3b0045f2e285b76fb2e24e207c6db44323581e421c3acbd0e86454cba1b37aea976ab50195a49e7384b871e6dfb2247ad7dec53c02454ac6497394cb56
  languageName: node
  linkType: hard

"color-convert@npm:^2.0.1":
  version: 2.0.1
  resolution: "color-convert@npm:2.0.1"
  dependencies:
    color-name: ~1.1.4
  checksum: 79e6bdb9fd479a205c71d89574fccfb22bd9053bd98c6c4d870d65c132e5e904e6034978e55b43d69fcaa7433af2016ee203ce76eeba9cfa554b373e7f7db336
  languageName: node
  linkType: hard

"color-name@npm:~1.1.4":
  version: 1.1.4
  resolution: "color-name@npm:1.1.4"
  checksum: b0445859521eb4021cd0fb0cc1a75cecf67fceecae89b63f62b201cca8d345baf8b952c966862a9d9a2632987d4f6581f0ec8d957dfacece86f0a7919316f610
  languageName: node
  linkType: hard

"commander@npm:13.1.0":
  version: 13.1.0
  resolution: "commander@npm:13.1.0"
  checksum: 8ca2fcb33caf2aa06fba3722d7a9440921331d54019dabf906f3603313e7bf334b009b862257b44083ff65d5a3ab19e83ad73af282bd5319f01dc228bdf87ef0
  languageName: node
  linkType: hard

"commander@npm:^2.20.3":
  version: 2.20.3
  resolution: "commander@npm:2.20.3"
  checksum: ab8c07884e42c3a8dbc5dd9592c606176c7eb5c1ca5ff274bcf907039b2c41de3626f684ea75ccf4d361ba004bbaff1f577d5384c155f3871e456bdf27becf9e
  languageName: node
  linkType: hard

"commander@npm:^8.3.0":
  version: 8.3.0
  resolution: "commander@npm:8.3.0"
  checksum: 0f82321821fc27b83bd409510bb9deeebcfa799ff0bf5d102128b500b7af22872c0c92cb6a0ebc5a4cf19c6b550fba9cedfa7329d18c6442a625f851377bacf0
  languageName: node
  linkType: hard

"cosmiconfig@npm:^9.0.0":
  version: 9.0.0
  resolution: "cosmiconfig@npm:9.0.0"
  dependencies:
    env-paths: ^2.2.1
    import-fresh: ^3.3.0
    js-yaml: ^4.1.0
    parse-json: ^5.2.0
  peerDependencies:
    typescript: ">=4.9.5"
  peerDependenciesMeta:
    typescript:
      optional: true
  checksum: a30c424b53d442ea0bdd24cb1b3d0d8687c8dda4a17ab6afcdc439f8964438801619cdb66e8e79f63b9caa3e6586b60d8bab9ce203e72df6c5e80179b971fe8f
  languageName: node
  linkType: hard

"cssesc@npm:^3.0.0":
  version: 3.0.0
  resolution: "cssesc@npm:3.0.0"
  bin:
    cssesc: bin/cssesc
  checksum: f8c4ababffbc5e2ddf2fa9957dda1ee4af6048e22aeda1869d0d00843223c1b13ad3f5d88b51caa46c994225eacb636b764eb807a8883e2fb6f99b4f4e8c48b2
  languageName: node
  linkType: hard

"cssfilter@npm:0.0.10":
  version: 0.0.10
  resolution: "cssfilter@npm:0.0.10"
  checksum: bc2c52bbb3426c3f2e4832edb6f8573e6cfa65b40b540932762d1e018f0f0157725e2991b77344bbc8266c6bbf4daa2803b0707cfb1bd0877505bf83a68e4b04
  languageName: node
  linkType: hard

"data-uri-to-buffer@npm:^6.0.2":
  version: 6.0.2
  resolution: "data-uri-to-buffer@npm:6.0.2"
  checksum: 8b6927c33f9b54037f442856be0aa20e5fd49fa6c9c8ceece408dc306445d593ad72d207d57037c529ce65f413b421da800c6827b1dbefb607b8056f17123a61
  languageName: node
  linkType: hard

"debug@npm:2.6.9":
  version: 2.6.9
  resolution: "debug@npm:2.6.9"
  dependencies:
    ms: 2.0.0
  checksum: d2f51589ca66df60bf36e1fa6e4386b318c3f1e06772280eea5b1ae9fd3d05e9c2b7fd8a7d862457d00853c75b00451aa2d7459b924629ee385287a650f58fe6
  languageName: node
  linkType: hard

"debug@npm:4, debug@npm:^4.1.1, debug@npm:^4.3.4, debug@npm:^4.4.1":
  version: 4.4.1
  resolution: "debug@npm:4.4.1"
  dependencies:
    ms: ^2.1.3
  peerDependenciesMeta:
    supports-color:
      optional: true
  checksum: a43826a01cda685ee4cec00fb2d3322eaa90ccadbef60d9287debc2a886be3e835d9199c80070ede75a409ee57828c4c6cd80e4b154f2843f0dc95a570dc0729
  languageName: node
  linkType: hard

"degenerator@npm:^5.0.0":
  version: 5.0.1
  resolution: "degenerator@npm:5.0.1"
  dependencies:
    ast-types: ^0.13.4
    escodegen: ^2.1.0
    esprima: ^4.0.1
  checksum: a64fa39cdf6c2edd75188157d32338ee9de7193d7dbb2aeb4acb1eb30fa4a15ed80ba8dae9bd4d7b085472cf174a5baf81adb761aaa8e326771392c922084152
  languageName: node
  linkType: hard

"depd@npm:~1.1.2":
  version: 1.1.2
  resolution: "depd@npm:1.1.2"
  checksum: 6b406620d269619852885ce15965272b829df6f409724415e0002c8632ab6a8c0a08ec1f0bd2add05dc7bd7507606f7e2cc034fa24224ab829580040b835ecd9
  languageName: node
  linkType: hard

"devtools-protocol@npm:0.0.1464554":
  version: 0.0.1464554
  resolution: "devtools-protocol@npm:0.0.1464554"
  checksum: 7c0fb668561b415631ecb8421d562b0d4e4daa5da7820b906b9694ba5a7a4f0b8cceabae9499b05664fdaca56cb403447cd2b73f3f23b5aecef49d7343bd8042
  languageName: node
  linkType: hard

"emoji-regex@npm:^8.0.0":
  version: 8.0.0
  resolution: "emoji-regex@npm:8.0.0"
  checksum: d4c5c39d5a9868b5fa152f00cada8a936868fd3367f33f71be515ecee4c803132d11b31a6222b2571b1e5f7e13890156a94880345594d0ce7e3c9895f560f192
  languageName: node
  linkType: hard

"end-of-stream@npm:^1.1.0":
  version: 1.4.5
  resolution: "end-of-stream@npm:1.4.5"
  dependencies:
    once: ^1.4.0
  checksum: 1e0cfa6e7f49887544e03314f9dfc56a8cb6dde910cbb445983ecc2ff426fc05946df9d75d8a21a3a64f2cecfe1bf88f773952029f46756b2ed64a24e95b1fb8
  languageName: node
  linkType: hard

"entities@npm:^4.4.0":
  version: 4.5.0
  resolution: "entities@npm:4.5.0"
  checksum: 853f8ebd5b425d350bffa97dd6958143179a5938352ccae092c62d1267c4e392a039be1bae7d51b6e4ffad25f51f9617531fedf5237f15df302ccfb452cbf2d7
  languageName: node
  linkType: hard

"env-paths@npm:^2.2.1":
  version: 2.2.1
  resolution: "env-paths@npm:2.2.1"
  checksum: 65b5df55a8bab92229ab2b40dad3b387fad24613263d103a97f91c9fe43ceb21965cd3392b1ccb5d77088021e525c4e0481adb309625d0cb94ade1d1fb8dc17e
  languageName: node
  linkType: hard

"error-ex@npm:^1.3.1":
  version: 1.3.2
  resolution: "error-ex@npm:1.3.2"
  dependencies:
    is-arrayish: ^0.2.1
  checksum: c1c2b8b65f9c91b0f9d75f0debaa7ec5b35c266c2cac5de412c1a6de86d4cbae04ae44e510378cb14d032d0645a36925d0186f8bb7367bcc629db256b743a001
  languageName: node
  linkType: hard

"escalade@npm:^3.1.1":
  version: 3.2.0
  resolution: "escalade@npm:3.2.0"
  checksum: 47b029c83de01b0d17ad99ed766347b974b0d628e848de404018f3abee728e987da0d2d370ad4574aa3d5b5bfc368754fd085d69a30f8e75903486ec4b5b709e
  languageName: node
  linkType: hard

"escape-html@npm:~1.0.3":
  version: 1.0.3
  resolution: "escape-html@npm:1.0.3"
  checksum: 6213ca9ae00d0ab8bccb6d8d4e0a98e76237b2410302cf7df70aaa6591d509a2a37ce8998008cbecae8fc8ffaadf3fb0229535e6a145f3ce0b211d060decbb24
  languageName: node
  linkType: hard

"escodegen@npm:^2.1.0":
  version: 2.1.0
  resolution: "escodegen@npm:2.1.0"
  dependencies:
    esprima: ^4.0.1
    estraverse: ^5.2.0
    esutils: ^2.0.2
    source-map: ~0.6.1
  dependenciesMeta:
    source-map:
      optional: true
  bin:
    escodegen: bin/escodegen.js
    esgenerate: bin/esgenerate.js
  checksum: 096696407e161305cd05aebb95134ad176708bc5cb13d0dcc89a5fcbb959b8ed757e7f2591a5f8036f8f4952d4a724de0df14cd419e29212729fa6df5ce16bf6
  languageName: node
  linkType: hard

"esm@npm:^3.2.25":
  version: 3.2.25
  resolution: "esm@npm:3.2.25"
  checksum: 978aabe2de83541c105605a6d60a26ed8e627ef6bb0a7605fe15a95bbdea6b8348bd045255cb22219c054dd09a81a94823df00843d9e97f42419c92015ce3a64
  languageName: node
  linkType: hard

"esprima@npm:^4.0.1":
  version: 4.0.1
  resolution: "esprima@npm:4.0.1"
  bin:
    esparse: ./bin/esparse.js
    esvalidate: ./bin/esvalidate.js
  checksum: b45bc805a613dbea2835278c306b91aff6173c8d034223fa81498c77dcbce3b2931bf6006db816f62eacd9fd4ea975dfd85a5b7f3c6402cfd050d4ca3c13a628
  languageName: node
  linkType: hard

"estraverse@npm:^5.2.0":
  version: 5.3.0
  resolution: "estraverse@npm:5.3.0"
  checksum: 072780882dc8416ad144f8fe199628d2b3e7bbc9989d9ed43795d2c90309a2047e6bc5979d7e2322a341163d22cfad9e21f4110597fe487519697389497e4e2b
  languageName: node
  linkType: hard

"esutils@npm:^2.0.2":
  version: 2.0.3
  resolution: "esutils@npm:2.0.3"
  checksum: 22b5b08f74737379a840b8ed2036a5fb35826c709ab000683b092d9054e5c2a82c27818f12604bfc2a9a76b90b6834ef081edbc1c7ae30d1627012e067c6ec87
  languageName: node
  linkType: hard

"extract-zip@npm:^2.0.1":
  version: 2.0.1
  resolution: "extract-zip@npm:2.0.1"
  dependencies:
    "@types/yauzl": ^2.9.1
    debug: ^4.1.1
    get-stream: ^5.1.0
    yauzl: ^2.10.0
  dependenciesMeta:
    "@types/yauzl":
      optional: true
  bin:
    extract-zip: cli.js
  checksum: 8cbda9debdd6d6980819cc69734d874ddd71051c9fe5bde1ef307ebcedfe949ba57b004894b585f758b7c9eeeea0e3d87f2dda89b7d25320459c2c9643ebb635
  languageName: node
  linkType: hard

"fast-fifo@npm:^1.2.0, fast-fifo@npm:^1.3.2":
  version: 1.3.2
  resolution: "fast-fifo@npm:1.3.2"
  checksum: 6bfcba3e4df5af7be3332703b69a7898a8ed7020837ec4395bb341bd96cc3a6d86c3f6071dd98da289618cf2234c70d84b2a6f09a33dd6f988b1ff60d8e54275
  languageName: node
  linkType: hard

"fd-slicer@npm:~1.1.0":
  version: 1.1.0
  resolution: "fd-slicer@npm:1.1.0"
  dependencies:
    pend: ~1.2.0
  checksum: c8585fd5713f4476eb8261150900d2cb7f6ff2d87f8feb306ccc8a1122efd152f1783bdb2b8dc891395744583436bfd8081d8e63ece0ec8687eeefea394d4ff2
  languageName: node
  linkType: hard

"get-caller-file@npm:^2.0.5":
  version: 2.0.5
  resolution: "get-caller-file@npm:2.0.5"
  checksum: b9769a836d2a98c3ee734a88ba712e62703f1df31b94b784762c433c27a386dd6029ff55c2a920c392e33657d80191edbf18c61487e198844844516f843496b9
  languageName: node
  linkType: hard

"get-stream@npm:^5.1.0":
  version: 5.2.0
  resolution: "get-stream@npm:5.2.0"
  dependencies:
    pump: ^3.0.0
  checksum: 8bc1a23174a06b2b4ce600df38d6c98d2ef6d84e020c1ddad632ad75bac4e092eeb40e4c09e0761c35fc2dbc5e7fff5dab5e763a383582c4a167dd69a905bd12
  languageName: node
  linkType: hard

"get-uri@npm:^6.0.1":
  version: 6.0.5
  resolution: "get-uri@npm:6.0.5"
  dependencies:
    basic-ftp: ^5.0.2
    data-uri-to-buffer: ^6.0.2
    debug: ^4.3.4
  checksum: aef94dbecde44bc9cd23f5c1b6af5bf772a3d16612c0fc37d3a4056ffd202f2cdd329746d4fdc2124813ea6c8b1c5279f3749d27226a2b161df43dbcb70082e3
  languageName: node
  linkType: hard

"guadec2023@workspace:.":
  version: 0.0.0-use.local
  resolution: "guadec2023@workspace:."
  dependencies:
    "@marp-team/marp-cli": ^4.2.1
  languageName: unknown
  linkType: soft

"highlight.js@npm:^11.11.1":
  version: 11.11.1
  resolution: "highlight.js@npm:11.11.1"
  checksum: 841ddd329a92be123a61ef4051698f824c3575deef588fbb810bd638f1575ddc96b7bdd925b97c05a29276bb119dfcb8e5bcb0acb31c86249371bf046e131d72
  languageName: node
  linkType: hard

"http-errors@npm:~1.6.2":
  version: 1.6.3
  resolution: "http-errors@npm:1.6.3"
  dependencies:
    depd: ~1.1.2
    inherits: 2.0.3
    setprototypeof: 1.1.0
    statuses: ">= 1.4.0 < 2"
  checksum: a9654ee027e3d5de305a56db1d1461f25709ac23267c6dc28cdab8323e3f96caa58a9a6a5e93ac15d7285cee0c2f019378c3ada9026e7fe19c872d695f27de7c
  languageName: node
  linkType: hard

"http-proxy-agent@npm:^7.0.0, http-proxy-agent@npm:^7.0.1":
  version: 7.0.2
  resolution: "http-proxy-agent@npm:7.0.2"
  dependencies:
    agent-base: ^7.1.0
    debug: ^4.3.4
  checksum: 670858c8f8f3146db5889e1fa117630910101db601fff7d5a8aa637da0abedf68c899f03d3451cac2f83bcc4c3d2dabf339b3aa00ff8080571cceb02c3ce02f3
  languageName: node
  linkType: hard

"https-proxy-agent@npm:^7.0.6":
  version: 7.0.6
  resolution: "https-proxy-agent@npm:7.0.6"
  dependencies:
    agent-base: ^7.1.2
    debug: 4
  checksum: b882377a120aa0544846172e5db021fa8afbf83fea2a897d397bd2ddd8095ab268c24bc462f40a15f2a8c600bf4aa05ce52927f70038d4014e68aefecfa94e8d
  languageName: node
  linkType: hard

"import-fresh@npm:^3.3.0":
  version: 3.3.1
  resolution: "import-fresh@npm:3.3.1"
  dependencies:
    parent-module: ^1.0.0
    resolve-from: ^4.0.0
  checksum: a06b19461b4879cc654d46f8a6244eb55eb053437afd4cbb6613cad6be203811849ed3e4ea038783092879487299fda24af932b86bdfff67c9055ba3612b8c87
  languageName: node
  linkType: hard

"inherits@npm:2.0.3":
  version: 2.0.3
  resolution: "inherits@npm:2.0.3"
  checksum: 78cb8d7d850d20a5e9a7f3620db31483aa00ad5f722ce03a55b110e5a723539b3716a3b463e2b96ce3fe286f33afc7c131fa2f91407528ba80cea98a7545d4c0
  languageName: node
  linkType: hard

"ip-address@npm:^9.0.5":
  version: 9.0.5
  resolution: "ip-address@npm:9.0.5"
  dependencies:
    jsbn: 1.1.0
    sprintf-js: ^1.1.3
  checksum: aa15f12cfd0ef5e38349744e3654bae649a34c3b10c77a674a167e99925d1549486c5b14730eebce9fea26f6db9d5e42097b00aa4f9f612e68c79121c71652dc
  languageName: node
  linkType: hard

"is-arrayish@npm:^0.2.1":
  version: 0.2.1
  resolution: "is-arrayish@npm:0.2.1"
  checksum: eef4417e3c10e60e2c810b6084942b3ead455af16c4509959a27e490e7aee87cfb3f38e01bbde92220b528a0ee1a18d52b787e1458ee86174d8c7f0e58cd488f
  languageName: node
  linkType: hard

"is-fullwidth-code-point@npm:^3.0.0":
  version: 3.0.0
  resolution: "is-fullwidth-code-point@npm:3.0.0"
  checksum: 44a30c29457c7fb8f00297bce733f0a64cd22eca270f83e58c105e0d015e45c019491a4ab2faef91ab51d4738c670daff901c799f6a700e27f7314029e99e348
  languageName: node
  linkType: hard

"js-tokens@npm:^4.0.0":
  version: 4.0.0
  resolution: "js-tokens@npm:4.0.0"
  checksum: 8a95213a5a77deb6cbe94d86340e8d9ace2b93bc367790b260101d2f36a2eaf4e4e22d9fa9cf459b38af3a32fb4190e638024cf82ec95ef708680e405ea7cc78
  languageName: node
  linkType: hard

"js-yaml@npm:^4.1.0":
  version: 4.1.0
  resolution: "js-yaml@npm:4.1.0"
  dependencies:
    argparse: ^2.0.1
  bin:
    js-yaml: bin/js-yaml.js
  checksum: c7830dfd456c3ef2c6e355cc5a92e6700ceafa1d14bba54497b34a99f0376cecbb3e9ac14d3e5849b426d5a5140709a66237a8c991c675431271c4ce5504151a
  languageName: node
  linkType: hard

"jsbn@npm:1.1.0":
  version: 1.1.0
  resolution: "jsbn@npm:1.1.0"
  checksum: 944f924f2bd67ad533b3850eee47603eed0f6ae425fd1ee8c760f477e8c34a05f144c1bd4f5a5dd1963141dc79a2c55f89ccc5ab77d039e7077f3ad196b64965
  languageName: node
  linkType: hard

"json-parse-even-better-errors@npm:^2.3.0":
  version: 2.3.1
  resolution: "json-parse-even-better-errors@npm:2.3.1"
  checksum: 798ed4cf3354a2d9ccd78e86d2169515a0097a5c133337807cdf7f1fc32e1391d207ccfc276518cc1d7d8d4db93288b8a50ba4293d212ad1336e52a8ec0a941f
  languageName: node
  linkType: hard

"katex@npm:^0.16.22":
  version: 0.16.22
  resolution: "katex@npm:0.16.22"
  dependencies:
    commander: ^8.3.0
  bin:
    katex: cli.js
  checksum: 66a609b6f3e1a3e8634a03228dcd31cb88b7f39d057cfe5271417bc8eb64b85f256accdbd68f453b5714e4e9546192bad554f75c8b9adb91d6b0a7a93505376b
  languageName: node
  linkType: hard

"lines-and-columns@npm:^1.1.6":
  version: 1.2.4
  resolution: "lines-and-columns@npm:1.2.4"
  checksum: 0c37f9f7fa212b38912b7145e1cd16a5f3cd34d782441c3e6ca653485d326f58b3caccda66efce1c5812bde4961bbde3374fae4b0d11bf1226152337f3894aa5
  languageName: node
  linkType: hard

"linkify-it@npm:^5.0.0":
  version: 5.0.0
  resolution: "linkify-it@npm:5.0.0"
  dependencies:
    uc.micro: ^2.0.0
  checksum: b0b86cadaf816b64c947a83994ceaad1c15f9fe7e079776ab88699fb71afd7b8fc3fd3d0ae5ebec8c92c1d347be9ba257b8aef338c0ebf81b0d27dcf429a765a
  languageName: node
  linkType: hard

"lodash.kebabcase@npm:^4.1.1":
  version: 4.1.1
  resolution: "lodash.kebabcase@npm:4.1.1"
  checksum: 5a6c59161914e1bae23438a298c7433e83d935e0f59853fa862e691164696bc07f6dfa4c313d499fbf41ba8d53314e9850416502376705a357d24ee6ca33af78
  languageName: node
  linkType: hard

"lru-cache@npm:^7.14.1":
  version: 7.18.3
  resolution: "lru-cache@npm:7.18.3"
  checksum: e550d772384709deea3f141af34b6d4fa392e2e418c1498c078de0ee63670f1f46f5eee746e8ef7e69e1c895af0d4224e62ee33e66a543a14763b0f2e74c1356
  languageName: node
  linkType: hard

"markdown-it-front-matter@npm:^0.2.4":
  version: 0.2.4
  resolution: "markdown-it-front-matter@npm:0.2.4"
  checksum: 1b3921bd11dc2e66da03c92d202a8c6c3733915f87c2ee505e8f425c64c9d11ea760b20651b0497f91065001e14cedadaa1f43647e5884c07550b6c591ffa4fb
  languageName: node
  linkType: hard

"markdown-it@npm:^14.1.0":
  version: 14.1.0
  resolution: "markdown-it@npm:14.1.0"
  dependencies:
    argparse: ^2.0.1
    entities: ^4.4.0
    linkify-it: ^5.0.0
    mdurl: ^2.0.0
    punycode.js: ^2.3.1
    uc.micro: ^2.1.0
  bin:
    markdown-it: bin/markdown-it.mjs
  checksum: 07296b45ebd0b13a55611a24d1b1ad002c6729ec54f558f597846994b0b7b1de79d13cd99ff3e7b6e9e027f36b63125cdcf69174da294ecabdd4e6b9fff39e5d
  languageName: node
  linkType: hard

"mathjax-full@npm:^3.2.2":
  version: 3.2.2
  resolution: "mathjax-full@npm:3.2.2"
  dependencies:
    esm: ^3.2.25
    mhchemparser: ^4.1.0
    mj-context-menu: ^0.6.1
    speech-rule-engine: ^4.0.6
  checksum: 6fbccb9338e1fbf686202d924666d79ac9eb658157c1c8102ba018672188978c4cacfb1b6f65adf7d2d51dc79535ff3e32ba86b15e66d3011dda2ab99562d90d
  languageName: node
  linkType: hard

"mdurl@npm:^2.0.0":
  version: 2.0.0
  resolution: "mdurl@npm:2.0.0"
  checksum: 880bc289ef668df0bb34c5b2b5aaa7b6ea755052108cdaf4a5e5968ad01cf27e74927334acc9ebcc50a8628b65272ae6b1fd51fae1330c130e261c0466e1a3b2
  languageName: node
  linkType: hard

"mhchemparser@npm:^4.1.0":
  version: 4.2.1
  resolution: "mhchemparser@npm:4.2.1"
  checksum: 6dd7e3926befc74d26cf7b44b9e5ff7295e142bffc48a60bd225d5a30d525354afb70d23fc4fdb8f46178099ab98a66a57a6131dcb0f410264cfd2b9ad4af4b7
  languageName: node
  linkType: hard

"mime-db@npm:1.52.0":
  version: 1.52.0
  resolution: "mime-db@npm:1.52.0"
  checksum: 0d99a03585f8b39d68182803b12ac601d9c01abfa28ec56204fa330bc9f3d1c5e14beb049bafadb3dbdf646dfb94b87e24d4ec7b31b7279ef906a8ea9b6a513f
  languageName: node
  linkType: hard

"mime-types@npm:~2.1.17, mime-types@npm:~2.1.34":
  version: 2.1.35
  resolution: "mime-types@npm:2.1.35"
  dependencies:
    mime-db: 1.52.0
  checksum: 89a5b7f1def9f3af5dad6496c5ed50191ae4331cc5389d7c521c8ad28d5fdad2d06fd81baf38fed813dc4e46bb55c8145bb0ff406330818c9cf712fb2e9b3836
  languageName: node
  linkType: hard

"mitt@npm:^3.0.1":
  version: 3.0.1
  resolution: "mitt@npm:3.0.1"
  checksum: b55a489ac9c2949ab166b7f060601d3b6d893a852515ae9eca4e11df01c013876df777ea109317622b5c1c60e8aae252558e33c8c94e14124db38f64a39614b1
  languageName: node
  linkType: hard

"mj-context-menu@npm:^0.6.1":
  version: 0.6.1
  resolution: "mj-context-menu@npm:0.6.1"
  checksum: 7a036026538662cac9619b760fade98681618c3ddf417cb36eddb7c28a937baf257c56fd0b6318738419e738ba01a00bcb3790b324885fd6edbae03fb0a2c986
  languageName: node
  linkType: hard

"ms@npm:2.0.0":
  version: 2.0.0
  resolution: "ms@npm:2.0.0"
  checksum: 0e6a22b8b746d2e0b65a430519934fefd41b6db0682e3477c10f60c76e947c4c0ad06f63ffdf1d78d335f83edee8c0aa928aa66a36c7cd95b69b26f468d527f4
  languageName: node
  linkType: hard

"ms@npm:^2.1.3":
  version: 2.1.3
  resolution: "ms@npm:2.1.3"
  checksum: aa92de608021b242401676e35cfa5aa42dd70cbdc082b916da7fb925c542173e36bce97ea3e804923fe92c0ad991434e4a38327e15a1b5b5f945d66df615ae6d
  languageName: node
  linkType: hard

"nanoid@npm:^3.3.11":
  version: 3.3.11
  resolution: "nanoid@npm:3.3.11"
  bin:
    nanoid: bin/nanoid.cjs
  checksum: 3be20d8866a57a6b6d218e82549711c8352ed969f9ab3c45379da28f405363ad4c9aeb0b39e9abc101a529ca65a72ff9502b00bf74a912c4b64a9d62dfd26c29
  languageName: node
  linkType: hard

"negotiator@npm:0.6.3":
  version: 0.6.3
  resolution: "negotiator@npm:0.6.3"
  checksum: b8ffeb1e262eff7968fc90a2b6767b04cfd9842582a9d0ece0af7049537266e7b2506dfb1d107a32f06dd849ab2aea834d5830f7f4d0e5cb7d36e1ae55d021d9
  languageName: node
  linkType: hard

"netmask@npm:^2.0.2":
  version: 2.0.2
  resolution: "netmask@npm:2.0.2"
  checksum: c65cb8d3f7ea5669edddb3217e4c96910a60d0d9a4b52d9847ff6b28b2d0277cd8464eee0ef85133cdee32605c57940cacdd04a9a019079b091b6bba4cb0ec22
  languageName: node
  linkType: hard

"once@npm:^1.3.1, once@npm:^1.4.0":
  version: 1.4.0
  resolution: "once@npm:1.4.0"
  dependencies:
    wrappy: 1
  checksum: cd0a88501333edd640d95f0d2700fbde6bff20b3d4d9bdc521bdd31af0656b5706570d6c6afe532045a20bb8dc0849f8332d6f2a416e0ba6d3d3b98806c7db68
  languageName: node
  linkType: hard

"pac-proxy-agent@npm:^7.1.0":
  version: 7.2.0
  resolution: "pac-proxy-agent@npm:7.2.0"
  dependencies:
    "@tootallnate/quickjs-emscripten": ^0.23.0
    agent-base: ^7.1.2
    debug: ^4.3.4
    get-uri: ^6.0.1
    http-proxy-agent: ^7.0.0
    https-proxy-agent: ^7.0.6
    pac-resolver: ^7.0.1
    socks-proxy-agent: ^8.0.5
  checksum: 099c1bc8944da6a98e8b7de1fbf23e4014bc3063f66a7c29478bd852c1162e1d086a4f80f874f40961ebd5c516e736aed25852db97b79360cbdcc9db38086981
  languageName: node
  linkType: hard

"pac-resolver@npm:^7.0.1":
  version: 7.0.1
  resolution: "pac-resolver@npm:7.0.1"
  dependencies:
    degenerator: ^5.0.0
    netmask: ^2.0.2
  checksum: 839134328781b80d49f9684eae1f5c74f50a1d4482076d44c84fc2f3ca93da66fa11245a4725a057231e06b311c20c989fd0681e662a0792d17f644d8fe62a5e
  languageName: node
  linkType: hard

"parent-module@npm:^1.0.0":
  version: 1.0.1
  resolution: "parent-module@npm:1.0.1"
  dependencies:
    callsites: ^3.0.0
  checksum: 6ba8b255145cae9470cf5551eb74be2d22281587af787a2626683a6c20fbb464978784661478dd2a3f1dad74d1e802d403e1b03c1a31fab310259eec8ac560ff
  languageName: node
  linkType: hard

"parse-json@npm:^5.2.0":
  version: 5.2.0
  resolution: "parse-json@npm:5.2.0"
  dependencies:
    "@babel/code-frame": ^7.0.0
    error-ex: ^1.3.1
    json-parse-even-better-errors: ^2.3.0
    lines-and-columns: ^1.1.6
  checksum: 62085b17d64da57f40f6afc2ac1f4d95def18c4323577e1eced571db75d9ab59b297d1d10582920f84b15985cbfc6b6d450ccbf317644cfa176f3ed982ad87e2
  languageName: node
  linkType: hard

"parseurl@npm:~1.3.2":
  version: 1.3.3
  resolution: "parseurl@npm:1.3.3"
  checksum: 407cee8e0a3a4c5cd472559bca8b6a45b82c124e9a4703302326e9ab60fc1081442ada4e02628efef1eb16197ddc7f8822f5a91fd7d7c86b51f530aedb17dfa2
  languageName: node
  linkType: hard

"pend@npm:~1.2.0":
  version: 1.2.0
  resolution: "pend@npm:1.2.0"
  checksum: 6c72f5243303d9c60bd98e6446ba7d30ae29e3d56fdb6fae8767e8ba6386f33ee284c97efe3230a0d0217e2b1723b8ab490b1bbf34fcbb2180dbc8a9de47850d
  languageName: node
  linkType: hard

"picocolors@npm:^1.1.1":
  version: 1.1.1
  resolution: "picocolors@npm:1.1.1"
  checksum: e1cf46bf84886c79055fdfa9dcb3e4711ad259949e3565154b004b260cd356c5d54b31a1437ce9782624bf766272fe6b0154f5f0c744fb7af5d454d2b60db045
  languageName: node
  linkType: hard

"postcss-nesting@npm:^13.0.1":
  version: 13.0.2
  resolution: "postcss-nesting@npm:13.0.2"
  dependencies:
    "@csstools/selector-resolve-nested": ^3.1.0
    "@csstools/selector-specificity": ^5.0.0
    postcss-selector-parser: ^7.0.0
  peerDependencies:
    postcss: ^8.4
  checksum: fce488a2e77d9a8183a4e014caf047e41cb2422c07de1d49a092734fc90feeb8ced21090e3e284cfb2956afdba73e4a3547065ede228b209003bac5e1de62f0a
  languageName: node
  linkType: hard

"postcss-selector-parser@npm:^7.0.0, postcss-selector-parser@npm:^7.1.0":
  version: 7.1.0
  resolution: "postcss-selector-parser@npm:7.1.0"
  dependencies:
    cssesc: ^3.0.0
    util-deprecate: ^1.0.2
  checksum: 1300e7871dd60a5132ee5462cc6e94edd4f3df28462b2495ca9ff025bd83768a908e892a18fde62cae63ff63524641baa6d58c64120f04fe6884b916663ce737
  languageName: node
  linkType: hard

"postcss@npm:^8.5.3":
  version: 8.5.6
  resolution: "postcss@npm:8.5.6"
  dependencies:
    nanoid: ^3.3.11
    picocolors: ^1.1.1
    source-map-js: ^1.2.1
  checksum: 20f3b5d673ffeec2b28d65436756d31ee33f65b0a8bedb3d32f556fbd5973be38c3a7fb5b959a5236c60a5db7b91b0a6b14ffaac0d717dce1b903b964ee1c1bb
  languageName: node
  linkType: hard

"progress@npm:^2.0.3":
  version: 2.0.3
  resolution: "progress@npm:2.0.3"
  checksum: f67403fe7b34912148d9252cb7481266a354bd99ce82c835f79070643bb3c6583d10dbcfda4d41e04bbc1d8437e9af0fb1e1f2135727878f5308682a579429b7
  languageName: node
  linkType: hard

"proxy-agent@npm:^6.5.0":
  version: 6.5.0
  resolution: "proxy-agent@npm:6.5.0"
  dependencies:
    agent-base: ^7.1.2
    debug: ^4.3.4
    http-proxy-agent: ^7.0.1
    https-proxy-agent: ^7.0.6
    lru-cache: ^7.14.1
    pac-proxy-agent: ^7.1.0
    proxy-from-env: ^1.1.0
    socks-proxy-agent: ^8.0.5
  checksum: d03ad2d171c2768280ade7ea6a7c5b1d0746215d70c0a16e02780c26e1d347edd27b3f48374661ae54ec0f7b41e6e45175b687baf333b36b1fd109a525154806
  languageName: node
  linkType: hard

"proxy-from-env@npm:^1.1.0":
  version: 1.1.0
  resolution: "proxy-from-env@npm:1.1.0"
  checksum: ed7fcc2ba0a33404958e34d95d18638249a68c430e30fcb6c478497d72739ba64ce9810a24f53a7d921d0c065e5b78e3822759800698167256b04659366ca4d4
  languageName: node
  linkType: hard

"pump@npm:^3.0.0":
  version: 3.0.3
  resolution: "pump@npm:3.0.3"
  dependencies:
    end-of-stream: ^1.1.0
    once: ^1.3.1
  checksum: 52843fc933b838c0330f588388115a1b28ef2a5ffa7774709b142e35431e8ab0c2edec90de3fa34ebb72d59fef854f151eea7dfc211b6dcf586b384556bd2f39
  languageName: node
  linkType: hard

"punycode.js@npm:^2.3.1":
  version: 2.3.1
  resolution: "punycode.js@npm:2.3.1"
  checksum: 13466d7ed5e8dacdab8c4cc03837e7dd14218a59a40eb14a837f1f53ca396e18ef2c4ee6d7766b8ed2fc391d6a3ac489eebf2de83b3596f5a54e86df4a251b72
  languageName: node
  linkType: hard

"puppeteer-core@npm:^24.14.0":
  version: 24.15.0
  resolution: "puppeteer-core@npm:24.15.0"
  dependencies:
    "@puppeteer/browsers": 2.10.6
    chromium-bidi: 7.2.0
    debug: ^4.4.1
    devtools-protocol: 0.0.1464554
    typed-query-selector: ^2.12.0
    ws: ^8.18.3
  checksum: 1c1a2461a8be7c5ddc975e15c3bf4c4597dc5e1f02456ca115079c222cd093091feea1f6f01d8b0922d8ffb43682973ab34060116f135d0104d317a83fe55ca1
  languageName: node
  linkType: hard

"readdirp@npm:^4.0.1":
  version: 4.1.2
  resolution: "readdirp@npm:4.1.2"
  checksum: 3242ee125422cb7c0e12d51452e993f507e6ed3d8c490bc8bf3366c5cdd09167562224e429b13e9cb2b98d4b8b2b11dc100d3c73883aa92d657ade5a21ded004
  languageName: node
  linkType: hard

"require-directory@npm:^2.1.1":
  version: 2.1.1
  resolution: "require-directory@npm:2.1.1"
  checksum: fb47e70bf0001fdeabdc0429d431863e9475e7e43ea5f94ad86503d918423c1543361cc5166d713eaa7029dd7a3d34775af04764bebff99ef413111a5af18c80
  languageName: node
  linkType: hard

"resolve-from@npm:^4.0.0":
  version: 4.0.0
  resolution: "resolve-from@npm:4.0.0"
  checksum: f4ba0b8494846a5066328ad33ef8ac173801a51739eb4d63408c847da9a2e1c1de1e6cbbf72699211f3d13f8fc1325648b169bd15eb7da35688e30a5fb0e4a7f
  languageName: node
  linkType: hard

"semver@npm:^7.7.2":
  version: 7.7.2
  resolution: "semver@npm:7.7.2"
  bin:
    semver: bin/semver.js
  checksum: dd94ba8f1cbc903d8eeb4dd8bf19f46b3deb14262b6717d0de3c804b594058ae785ef2e4b46c5c3b58733c99c83339068203002f9e37cfe44f7e2cc5e3d2f621
  languageName: node
  linkType: hard

"serve-index@npm:^1.9.1":
  version: 1.9.1
  resolution: "serve-index@npm:1.9.1"
  dependencies:
    accepts: ~1.3.4
    batch: 0.6.1
    debug: 2.6.9
    escape-html: ~1.0.3
    http-errors: ~1.6.2
    mime-types: ~2.1.17
    parseurl: ~1.3.2
  checksum: e2647ce13379485b98a53ba2ea3fbad4d44b57540d00663b02b976e426e6194d62ac465c0d862cb7057f65e0de8ab8a684aa095427a4b8612412eca0d300d22f
  languageName: node
  linkType: hard

"setprototypeof@npm:1.1.0":
  version: 1.1.0
  resolution: "setprototypeof@npm:1.1.0"
  checksum: 27cb44304d6c9e1a23bc6c706af4acaae1a7aa1054d4ec13c05f01a99fd4887109a83a8042b67ad90dbfcd100d43efc171ee036eb080667172079213242ca36e
  languageName: node
  linkType: hard

"smart-buffer@npm:^4.2.0":
  version: 4.2.0
  resolution: "smart-buffer@npm:4.2.0"
  checksum: b5167a7142c1da704c0e3af85c402002b597081dd9575031a90b4f229ca5678e9a36e8a374f1814c8156a725d17008ae3bde63b92f9cfd132526379e580bec8b
  languageName: node
  linkType: hard

"socks-proxy-agent@npm:^8.0.5":
  version: 8.0.5
  resolution: "socks-proxy-agent@npm:8.0.5"
  dependencies:
    agent-base: ^7.1.2
    debug: ^4.3.4
    socks: ^2.8.3
  checksum: b4fbcdb7ad2d6eec445926e255a1fb95c975db0020543fbac8dfa6c47aecc6b3b619b7fb9c60a3f82c9b2969912a5e7e174a056ae4d98cb5322f3524d6036e1d
  languageName: node
  linkType: hard

"socks@npm:^2.8.3":
  version: 2.8.6
  resolution: "socks@npm:2.8.6"
  dependencies:
    ip-address: ^9.0.5
    smart-buffer: ^4.2.0
  checksum: 3d2a696d42d94b05b2a7e797b9291483d6768b23300b015353f34f8046cce35f23fe59300a38a77a9f0dee4274dd6c333afbdef628cf48f3df171bfb86c2d21c
  languageName: node
  linkType: hard

"source-map-js@npm:^1.2.1":
  version: 1.2.1
  resolution: "source-map-js@npm:1.2.1"
  checksum: 4eb0cd997cdf228bc253bcaff9340afeb706176e64868ecd20efbe6efea931465f43955612346d6b7318789e5265bdc419bc7669c1cebe3db0eb255f57efa76b
  languageName: node
  linkType: hard

"source-map@npm:~0.6.1":
  version: 0.6.1
  resolution: "source-map@npm:0.6.1"
  checksum: 59ce8640cf3f3124f64ac289012c2b8bd377c238e316fb323ea22fbfe83da07d81e000071d7242cad7a23cd91c7de98e4df8830ec3f133cb6133a5f6e9f67bc2
  languageName: node
  linkType: hard

"speech-rule-engine@npm:^4.0.6":
  version: 4.1.2
  resolution: "speech-rule-engine@npm:4.1.2"
  dependencies:
    "@xmldom/xmldom": 0.9.8
    commander: 13.1.0
    wicked-good-xpath: 1.3.0
  bin:
    sre: bin/sre
  checksum: 437e70f6f6a08b35d5339467427d6a74eecf6c1f4a74e551b2c18ad2315c1f6a89ecb801d02c49e92b30df709a3a8e08ad75ae1095c0224c2cd0fddf5f982de9
  languageName: node
  linkType: hard

"sprintf-js@npm:^1.1.3":
  version: 1.1.3
  resolution: "sprintf-js@npm:1.1.3"
  checksum: a3fdac7b49643875b70864a9d9b469d87a40dfeaf5d34d9d0c5b1cda5fd7d065531fcb43c76357d62254c57184a7b151954156563a4d6a747015cfb41021cad0
  languageName: node
  linkType: hard

"statuses@npm:>= 1.4.0 < 2":
  version: 1.5.0
  resolution: "statuses@npm:1.5.0"
  checksum: c469b9519de16a4bb19600205cffb39ee471a5f17b82589757ca7bd40a8d92ebb6ed9f98b5a540c5d302ccbc78f15dc03cc0280dd6e00df1335568a5d5758a5c
  languageName: node
  linkType: hard

"streamx@npm:^2.15.0, streamx@npm:^2.21.0":
  version: 2.22.1
  resolution: "streamx@npm:2.22.1"
  dependencies:
    bare-events: ^2.2.0
    fast-fifo: ^1.3.2
    text-decoder: ^1.1.0
  dependenciesMeta:
    bare-events:
      optional: true
  checksum: 26e66c75eca24bf00c0fe8392a67c5c5783450e2596a5bb598c25fd51241c42aaaa64c31ff89c97cdf77ee7c9e915d5e201bc0dd4f8d949ec0c66dad6bf7cd91
  languageName: node
  linkType: hard

"string-width@npm:^4.1.0, string-width@npm:^4.2.0, string-width@npm:^4.2.3":
  version: 4.2.3
  resolution: "string-width@npm:4.2.3"
  dependencies:
    emoji-regex: ^8.0.0
    is-fullwidth-code-point: ^3.0.0
    strip-ansi: ^6.0.1
  checksum: e52c10dc3fbfcd6c3a15f159f54a90024241d0f149cf8aed2982a2d801d2e64df0bf1dc351cf8e95c3319323f9f220c16e740b06faecd53e2462df1d2b5443fb
  languageName: node
  linkType: hard

"strip-ansi@npm:^6.0.0, strip-ansi@npm:^6.0.1":
  version: 6.0.1
  resolution: "strip-ansi@npm:6.0.1"
  dependencies:
    ansi-regex: ^5.0.1
  checksum: f3cd25890aef3ba6e1a74e20896c21a46f482e93df4a06567cebf2b57edabb15133f1f94e57434e0a958d61186087b1008e89c94875d019910a213181a14fc8c
  languageName: node
  linkType: hard

"tar-fs@npm:^3.1.0":
  version: 3.1.0
  resolution: "tar-fs@npm:3.1.0"
  dependencies:
    bare-fs: ^4.0.1
    bare-path: ^3.0.0
    pump: ^3.0.0
    tar-stream: ^3.1.5
  dependenciesMeta:
    bare-fs:
      optional: true
    bare-path:
      optional: true
  checksum: 279c6c4ee1c53593bad4e5ae044ff14b2210d68f559097ac48bf0638698f740f4b894ab22fa1860f5f9f0be8c4003bf16c3614759aeebf50ee3593c49213c357
  languageName: node
  linkType: hard

"tar-stream@npm:^3.1.5":
  version: 3.1.7
  resolution: "tar-stream@npm:3.1.7"
  dependencies:
    b4a: ^1.6.4
    fast-fifo: ^1.2.0
    streamx: ^2.15.0
  checksum: 6393a6c19082b17b8dcc8e7fd349352bb29b4b8bfe1075912b91b01743ba6bb4298f5ff0b499a3bbaf82121830e96a1a59d4f21a43c0df339e54b01789cb8cc6
  languageName: node
  linkType: hard

"text-decoder@npm:^1.1.0":
  version: 1.2.3
  resolution: "text-decoder@npm:1.2.3"
  dependencies:
    b4a: ^1.6.4
  checksum: d7642a61f9d72330eac52ff6b6e8d34dea03ebbb1e82749a8734e7892e246cf262ed70730d20c4351c5dc5334297b9cc6c0b6a8725a204a63a197d7728bb35e5
  languageName: node
  linkType: hard

"tmp@npm:^0.2.3":
  version: 0.2.3
  resolution: "tmp@npm:0.2.3"
  checksum: 73b5c96b6e52da7e104d9d44afb5d106bb1e16d9fa7d00dbeb9e6522e61b571fbdb165c756c62164be9a3bbe192b9b268c236d370a2a0955c7689cd2ae377b95
  languageName: node
  linkType: hard

"tslib@npm:^2.0.1":
  version: 2.8.1
  resolution: "tslib@npm:2.8.1"
  checksum: e4aba30e632b8c8902b47587fd13345e2827fa639e7c3121074d5ee0880723282411a8838f830b55100cbe4517672f84a2472667d355b81e8af165a55dc6203a
  languageName: node
  linkType: hard

"typed-query-selector@npm:^2.12.0":
  version: 2.12.0
  resolution: "typed-query-selector@npm:2.12.0"
  checksum: c4652f2eec16112d69e0da30c2effab3f03d1710f9559da1e1209bbfc9a20990d5de4ba97890c11f9d17d85c8ae3310953a86c198166599d4c36abc63664f169
  languageName: node
  linkType: hard

"uc.micro@npm:^2.0.0, uc.micro@npm:^2.1.0":
  version: 2.1.0
  resolution: "uc.micro@npm:2.1.0"
  checksum: 37197358242eb9afe367502d4638ac8c5838b78792ab218eafe48287b0ed28aaca268ec0392cc5729f6c90266744de32c06ae938549aee041fc93b0f9672d6b2
  languageName: node
  linkType: hard

"undici-types@npm:~7.8.0":
  version: 7.8.0
  resolution: "undici-types@npm:7.8.0"
  checksum: 59521a5b9b50e72cb838a29466b3557b4eacbc191a83f4df5a2f7b156bc8263072b145dc4bb8ec41da7d56a7e9b178892458da02af769243d57f801a50ac5751
  languageName: node
  linkType: hard

"util-deprecate@npm:^1.0.2":
  version: 1.0.2
  resolution: "util-deprecate@npm:1.0.2"
  checksum: 474acf1146cb2701fe3b074892217553dfcf9a031280919ba1b8d651a068c9b15d863b7303cb15bd00a862b498e6cf4ad7b4a08fb134edd5a6f7641681cb54a2
  languageName: node
  linkType: hard

"wicked-good-xpath@npm:1.3.0":
  version: 1.3.0
  resolution: "wicked-good-xpath@npm:1.3.0"
  checksum: 1aa84bd57426aa07f95d7eca0b0410e841b8e7a35248c9404fa235eaf6a0932c811a96cbdc763c3df18ab76c7644fd8e807d8f185146154d3fc6baf554dcc7e3
  languageName: node
  linkType: hard

"wrap-ansi@npm:^7.0.0":
  version: 7.0.0
  resolution: "wrap-ansi@npm:7.0.0"
  dependencies:
    ansi-styles: ^4.0.0
    string-width: ^4.1.0
    strip-ansi: ^6.0.0
  checksum: a790b846fd4505de962ba728a21aaeda189b8ee1c7568ca5e817d85930e06ef8d1689d49dbf0e881e8ef84436af3a88bc49115c2e2788d841ff1b8b5b51a608b
  languageName: node
  linkType: hard

"wrappy@npm:1":
  version: 1.0.2
  resolution: "wrappy@npm:1.0.2"
  checksum: 159da4805f7e84a3d003d8841557196034155008f817172d4e986bd591f74aa82aa7db55929a54222309e01079a65a92a9e6414da5a6aa4b01ee44a511ac3ee5
  languageName: node
  linkType: hard

"ws@npm:^8.18.3":
  version: 8.18.3
  resolution: "ws@npm:8.18.3"
  peerDependencies:
    bufferutil: ^4.0.1
    utf-8-validate: ">=5.0.2"
  peerDependenciesMeta:
    bufferutil:
      optional: true
    utf-8-validate:
      optional: true
  checksum: d64ef1631227bd0c5fe21b3eb3646c9c91229402fb963d12d87b49af0a1ef757277083af23a5f85742bae1e520feddfb434cb882ea59249b15673c16dc3f36e0
  languageName: node
  linkType: hard

"xss@npm:^1.0.15":
  version: 1.0.15
  resolution: "xss@npm:1.0.15"
  dependencies:
    commander: ^2.20.3
    cssfilter: 0.0.10
  bin:
    xss: bin/xss
  checksum: dee066ba0962105475f12ae39fecf4cd6108cb980aefad67578a349d521e6059e184c2d63695a99d58483a02f0c0d48a36816d95c0a0beb56fba60ed53ccd824
  languageName: node
  linkType: hard

"y18n@npm:^5.0.5":
  version: 5.0.8
  resolution: "y18n@npm:5.0.8"
  checksum: 54f0fb95621ee60898a38c572c515659e51cc9d9f787fb109cef6fde4befbe1c4602dc999d30110feee37456ad0f1660fa2edcfde6a9a740f86a290999550d30
  languageName: node
  linkType: hard

"yargs-parser@npm:^21.1.1":
  version: 21.1.1
  resolution: "yargs-parser@npm:21.1.1"
  checksum: ed2d96a616a9e3e1cc7d204c62ecc61f7aaab633dcbfab2c6df50f7f87b393993fe6640d017759fe112d0cb1e0119f2b4150a87305cc873fd90831c6a58ccf1c
  languageName: node
  linkType: hard

"yargs@npm:^17.7.2":
  version: 17.7.2
  resolution: "yargs@npm:17.7.2"
  dependencies:
    cliui: ^8.0.1
    escalade: ^3.1.1
    get-caller-file: ^2.0.5
    require-directory: ^2.1.1
    string-width: ^4.2.3
    y18n: ^5.0.5
    yargs-parser: ^21.1.1
  checksum: 73b572e863aa4a8cbef323dd911d79d193b772defd5a51aab0aca2d446655216f5002c42c5306033968193bdbf892a7a4c110b0d77954a7fdf563e653967b56a
  languageName: node
  linkType: hard

"yauzl@npm:^2.10.0":
  version: 2.10.0
  resolution: "yauzl@npm:2.10.0"
  dependencies:
    buffer-crc32: ~0.2.3
    fd-slicer: ~1.1.0
  checksum: 7f21fe0bbad6e2cb130044a5d1d0d5a0e5bf3d8d4f8c4e6ee12163ce798fee3de7388d22a7a0907f563ac5f9d40f8699a223d3d5c1718da90b0156da6904022b
  languageName: node
  linkType: hard

"zod@npm:^3.24.1":
  version: 3.25.76
  resolution: "zod@npm:3.25.76"
  checksum: c9a403a62b329188a5f6bd24d5d935d2bba345f7ab8151d1baa1505b5da9f227fb139354b043711490c798e91f3df75991395e40142e6510a4b16409f302b849
  languageName: node
  linkType: hard
