# This file is generated by running "yarn install" inside your project.
# Manual changes might be lost - proceed with caution!

__metadata:
  version: 6
  cacheKey: 8

"@babel/code-frame@npm:^7.0.0":
  version: 7.29.7
  resolution: "@babel/code-frame@npm:7.29.7"
  dependencies:
    "@babel/helper-validator-identifier": ^7.29.7
    js-tokens: ^4.0.0
    picocolors: ^1.1.1
  checksum: 21b12fe2356e36f6cc3cd8a3721f878bfeea80ce38356979a0518b47b3aafdcc0bd263da75ccc9d51c64d40b1b6df00e768ce2446acb0b7cbec0ae8f905663ad
  languageName: node
  linkType: hard

"@babel/helper-validator-identifier@npm:^7.29.7":
  version: 7.29.7
  resolution: "@babel/helper-validator-identifier@npm:7.29.7"
  checksum: cc7779e96fe9c9478c96ca4bf04fc338b95b501aa5abe78178307dea282d4a5dc23d443efb12dde8e8c5636d03dd00e443532e6ed7f15fa7977349af1f87ba4d
  languageName: node
  linkType: hard

"@csstools/postcss-is-pseudo-class@npm:^5.0.3":
  version: 5.0.3
  resolution: "@csstools/postcss-is-pseudo-class@npm:5.0.3"
  dependencies:
    "@csstools/selector-specificity": ^5.0.0
    postcss-selector-parser: ^7.0.0
  peerDependencies:
    postcss: ^8.4
  checksum: 60474c5d651bd4dd940c2727d71b235390fb631fc347d0b29f92f7d29cf812e6c796284eeb9206441bfcd00b778068a2fadc465262a4752310b2f9abbc432973
  languageName: node
  linkType: hard

"@csstools/selector-resolve-nested@npm:^3.1.0":
  version: 3.1.0
  resolution: "@csstools/selector-resolve-nested@npm:3.1.0"
  peerDependencies:
    postcss-selector-parser: ^7.0.0
  checksum: eaad6a6c99345cae2849a2c73daf53381fabd75851eefd830ee743e4d454d4e2930aa99c8b9e651fed92b9a8361f352c6c754abf82c576bba4953f1e59c927e9
  languageName: node
  linkType: hard

"@csstools/selector-specificity@npm:^5.0.0":
  version: 5.0.0
  resolution: "@csstools/selector-specificity@npm:5.0.0"
  peerDependencies:
    postcss-selector-parser: ^7.0.0
  checksum: 8df1a01a1fa52b66c7ba0286e1c77d1faff45009876f09ddcac542a1c4bca9f34ee92a10acf056b8e7b7ac93679c1635496c6cdfd7d88dbaff2b6afd1eb823ec
  languageName: node
  linkType: hard

"@marp-team/marp-cli@npm:^4.2.1":
  version: 4.4.1
  resolution: "@marp-team/marp-cli@npm:4.4.1"
  dependencies:
    "@marp-team/marp-core": ^4.3.1
    "@marp-team/marpit": ^3.2.2
    chokidar: ^4.0.3
    cosmiconfig: ^9.0.2
    puppeteer-core: ^24.43.1
    serve-index: ^1.9.2
    tmp: ^0.2.7
    ws: ^8.21.0
  bin:
    marp: marp-cli.js
  checksum: 1afd4186e7f0d34dcd8605ca38d21d712fbad2834a07cf80d15e18ecea4c32c3228a2f1885768819a76adfe163b8c4a89c9da1bf2a189841ce4dd228cdf8cad0
  languageName: node
  linkType: hard

"@marp-team/marp-core@npm:^4.3.1":
  version: 4.3.1
  resolution: "@marp-team/marp-core@npm:4.3.1"
  dependencies:
    "@marp-team/marpit": ^3.2.2
    "@marp-team/marpit-svg-polyfill": ^2.1.0
    highlight.js: ^11.11.1
    katex: ^0.17.0
    mathjax-full: ^3.2.2
    postcss-selector-parser: ^7.1.4
    xss: ^1.0.15
  checksum: 4982dbfc329b9ce26670e1a1bd570e7db7128f267ab524b931cfd258bd50eb162481611a7818447239f2825ae239b9f3b717ebe14fb93c10f7f7fc4656043a02
  languageName: node
  linkType: hard

"@marp-team/marpit-svg-polyfill@npm:^2.1.0":
  version: 2.1.0
  resolution: "@marp-team/marpit-svg-polyfill@npm:2.1.0"
  peerDependencies:
    "@marp-team/marpit": ">=0.5.0"
  peerDependenciesMeta:
    "@marp-team/marpit":
      optional: true
  checksum: 2f7b9d1a02e9713ae052bee3fa1ccf6b2f9b13e46c5c2fb0f5db9518140039fa01082a8eac7c94dd0d7cf3ca6e2ca7a702b4073d589a9414931a770332f08bc8
  languageName: node
  linkType: hard

"@marp-team/marpit@npm:^3.2.2":
  version: 3.2.2
  resolution: "@marp-team/marpit@npm:3.2.2"
  dependencies:
    "@csstools/postcss-is-pseudo-class": ^5.0.3
    cssesc: ^3.0.0
    js-yaml: ^4.3.0
    lodash.kebabcase: ^4.1.1
    markdown-it: ^14.2.0
    markdown-it-front-matter: ^0.2.4
    postcss: ^8.5.15
    postcss-nesting: ^13.0.2
  checksum: 7ebd4bb168834c48b7d9b2c40fa67fb67ed929c13bc19bb566c706db2a975ac07865536244cd7a6df411e5bbbe84952a96abaad29081e042b203846a7b5045e0
  languageName: node
  linkType: hard

"@puppeteer/browsers@npm:2.13.2":
  version: 2.13.2
  resolution: "@puppeteer/browsers@npm:2.13.2"
  dependencies:
    debug: ^4.4.3
    extract-zip: ^2.0.1
    progress: ^2.0.3
    proxy-agent: ^6.5.0
    semver: ^7.7.4
    tar-fs: ^3.1.1
    yargs: ^17.7.2
  bin:
    browsers: lib/cjs/main-cli.js
  checksum: 6b87209a8125b0ccd1c4ae2c9cb342bea6246db9b6c3dc2a33fc8e344938226cd916d6bd992d2d8771373dd3edbc6c2a0e080ad5f5fab64c27533fbce2c96411
  languageName: node
  linkType: hard

"@tootallnate/quickjs-emscripten@npm:^0.23.0":
  version: 0.23.0
  resolution: "@tootallnate/quickjs-emscripten@npm:0.23.0"
  checksum: c350a2947ffb80b22e14ff35099fd582d1340d65723384a0fd0515e905e2534459ad2f301a43279a37308a27c99273c932e64649abd57d0bb3ca8c557150eccc
  languageName: node
  linkType: hard

"@types/node@npm:*":
  version: 26.1.1
  resolution: "@types/node@npm:26.1.1"
  dependencies:
    undici-types: ~8.3.0
  checksum: c6727bd4761280b389a2706cc55cbb3511f37f3e2aa609dda65590e1aec5690ce3b14a865edd070c97c5ae4f566dbbae1a811c1b61f69efaee4226015205f304
  languageName: node
  linkType: hard

"@types/yauzl@npm:^2.9.1":
  version: 2.10.3
  resolution: "@types/yauzl@npm:2.10.3"
  dependencies:
    "@types/node": "*"
  checksum: 5ee966ea7bd6b2802f31ad4281c92c4c0b6dfa593c378a2582c58541fa113bec3d70eb0696b34ad95e8e6861a884cba6c3e351285816693ed176222f840a8c08
  languageName: node
  linkType: hard

"@xmldom/xmldom@npm:0.9.10":
  version: 0.9.10
  resolution: "@xmldom/xmldom@npm:0.9.10"
  checksum: 420f3ba52316163384ce626cda087d06b0eb5888d393b00bbc5f56489bbaccc8633e9b078942ee05facda93fbf813b209a5deb5044f89a6e04373305a0e573c0
  languageName: node
  linkType: hard

"accepts@npm:~1.3.8":
  version: 1.3.8
  resolution: "accepts@npm:1.3.8"
  dependencies:
    mime-types: ~2.1.34
    negotiator: 0.6.3
  checksum: 50c43d32e7b50285ebe84b613ee4a3aa426715a7d131b65b786e2ead0fd76b6b60091b9916d3478a75f11f162628a2139991b6c03ab3f1d9ab7c86075dc8eab4
  languageName: node
  linkType: hard

"agent-base@npm:^7.1.0, agent-base@npm:^7.1.2":
  version: 7.1.4
  resolution: "agent-base@npm:7.1.4"
  checksum: 86a7f542af277cfbd77dd61e7df8422f90bac512953709003a1c530171a9d019d072e2400eab2b59f84b49ab9dd237be44315ca663ac73e82b3922d10ea5eafa
  languageName: node
  linkType: hard

"ansi-regex@npm:^5.0.1":
  version: 5.0.1
  resolution: "ansi-regex@npm:5.0.1"
  checksum: 2aa4bb54caf2d622f1afdad09441695af2a83aa3fe8b8afa581d205e57ed4261c183c4d3877cee25794443fde5876417d859c108078ab788d6af7e4fe52eb66b
  languageName: node
  linkType: hard

"ansi-styles@npm:^4.0.0":
  version: 4.3.0
  resolution: "ansi-styles@npm:4.3.0"
  dependencies:
    color-convert: ^2.0.1
  checksum: 513b44c3b2105dd14cc42a19271e80f386466c4be574bccf60b627432f9198571ebf4ab1e4c3ba17347658f4ee1711c163d574248c0c1cdc2d5917a0ad582ec4
  languageName: node
  linkType: hard

"argparse@npm:^2.0.1":
  version: 2.0.1
  resolution: "argparse@npm:2.0.1"
  checksum: 83644b56493e89a254bae05702abf3a1101b4fa4d0ca31df1c9985275a5a5bd47b3c27b7fa0b71098d41114d8ca000e6ed90cad764b306f8a503665e4d517ced
  languageName: node
  linkType: hard

"ast-types@npm:^0.13.4":
  version: 0.13.4
  resolution: "ast-types@npm:0.13.4"
  dependencies:
    tslib: ^2.0.1
  checksum: 5a51f7b70588ecced3601845a0e203279ca2f5fdc184416a0a1640c93ec0a267241d6090a328e78eebb8de81f8754754e0a4f1558ba2a3d638f8ccbd0b1f0eff
  languageName: node
  linkType: hard

"b4a@npm:^1.6.4, b4a@npm:^1.8.1":
  version: 1.8.1
  resolution: "b4a@npm:1.8.1"
  peerDependencies:
    react-native-b4a: "*"
  peerDependenciesMeta:
    react-native-b4a:
      optional: true
  checksum: a34131bba0eb004e5537f5ec0b0d74cd2c075832f65b8dc1a2666f895a34ce47eb553b47b4949bbb312cfdf47760da8cde3537c691b5133b0d6b132af8e3b16f
  languageName: node
  linkType: hard

"bare-events@npm:^2.5.4, bare-events@npm:^2.7.0":
  version: 2.9.1
  resolution: "bare-events@npm:2.9.1"
  peerDependencies:
    bare-abort-controller: "*"
  peerDependenciesMeta:
    bare-abort-controller:
      optional: true
  checksum: 73f9cb5811dcf2414baf8bb6b0dd8eb6aba65ba1332da41482c1a0e77cc5e4e6950f1b37230780c7db6b82d4e3849228f1dce222216edffb381ad59cf071087b
  languageName: node
  linkType: hard

"bare-fs@npm:^4.0.1, bare-fs@npm:^4.5.5":
  version: 4.7.4
  resolution: "bare-fs@npm:4.7.4"
  dependencies:
    bare-events: ^2.5.4
    bare-path: ^3.0.0
    bare-stream: ^2.6.4
    bare-url: ^2.2.2
    fast-fifo: ^1.3.2
  peerDependencies:
    bare-buffer: "*"
  peerDependenciesMeta:
    bare-buffer:
      optional: true
  checksum: 9b4ddebd547827ca9b2f0123c90d70c00ed83ba28ddd87d5da8447ff91b7314b52025f417888b01924105ceabc0455bb0e439d2f759412f25aa822b2c7d31314
  languageName: node
  linkType: hard

"bare-path@npm:^3.0.0":
  version: 3.1.1
  resolution: "bare-path@npm:3.1.1"
  checksum: 0760d1eface8841b1a25f743197ae278577762590ad18de4455a467031cfe2f5ac2b534d53bf9701f59404bd299dc2e66bce95b898c6a6af1686b8acaeca403f
  languageName: node
  linkType: hard

"bare-stream@npm:^2.6.4":
  version: 2.13.3
  resolution: "bare-stream@npm:2.13.3"
  dependencies:
    b4a: ^1.8.1
    streamx: ^2.25.0
    teex: ^1.0.1
  peerDependencies:
    bare-abort-controller: "*"
    bare-buffer: "*"
    bare-events: "*"
  peerDependenciesMeta:
    bare-abort-controller:
      optional: true
    bare-buffer:
      optional: true
    bare-events:
      optional: true
  checksum: ff3b52e41beac20f4984655c2b026d14b87941be86da23e2da34cd20e81930960e2081d3489ffa5a49010c6b98a64ea438593c3bcb4839a8f9e8553153de5e77
  languageName: node
  linkType: hard

"bare-url@npm:^2.2.2":
  version: 2.4.5
  resolution: "bare-url@npm:2.4.5"
  dependencies:
    bare-path: ^3.0.0
  checksum: 443e2d5cfc69c518448b2cdb59ffcdc745507e4cce20cda004c79a113eef99685ffa0a6af866e30075b27cfcb519a638e0c2d909be41960d9e57cdb1267d2401
  languageName: node
  linkType: hard

"basic-ftp@npm:^5.0.2":
  version: 5.3.1
  resolution: "basic-ftp@npm:5.3.1"
  checksum: a3b5ffbedb070f89636aaaa5f639b2b275cab3486f8e216902bd60529e51047b42c732059dc94869581e2f585937a76d183a09fc519b1ce909155c137a502953
  languageName: node
  linkType: hard

"batch@npm:0.6.1":
  version: 0.6.1
  resolution: "batch@npm:0.6.1"
  checksum: 61f9934c7378a51dce61b915586191078ef7f1c3eca707fdd58b96ff2ff56d9e0af2bdab66b1462301a73c73374239e6542d9821c0af787f3209a23365d07e7f
  languageName: node
  linkType: hard

"buffer-crc32@npm:~0.2.3":
  version: 0.2.13
  resolution: "buffer-crc32@npm:0.2.13"
  checksum: 06252347ae6daca3453b94e4b2f1d3754a3b146a111d81c68924c22d91889a40623264e95e67955b1cb4a68cbedf317abeabb5140a9766ed248973096db5ce1c
  languageName: node
  linkType: hard

"callsites@npm:^3.0.0":
  version: 3.1.0
  resolution: "callsites@npm:3.1.0"
  checksum: 072d17b6abb459c2ba96598918b55868af677154bec7e73d222ef95a8fdb9bbf7dae96a8421085cdad8cd190d86653b5b6dc55a4484f2e5b2e27d5e0c3fc15b3
  languageName: node
  linkType: hard

"chokidar@npm:^4.0.3":
  version: 4.0.3
  resolution: "chokidar@npm:4.0.3"
  dependencies:
    readdirp: ^4.0.1
  checksum: a8765e452bbafd04f3f2fad79f04222dd65f43161488bb6014a41099e6ca18d166af613d59a90771908c1c823efa3f46ba36b86ac50b701c20c1b9908c5fe36e
  languageName: node
  linkType: hard

"chromium-bidi@npm:14.0.0":
  version: 14.0.0
  resolution: "chromium-bidi@npm:14.0.0"
  dependencies:
    mitt: ^3.0.1
    zod: ^3.24.1
  peerDependencies:
    devtools-protocol: "*"
  checksum: 24462f1c2f1da99f1ca31ad03bc50009e10e9b9470333bf72e56d4fdb205dab7c3a6cdb660dc1c9a629c5e1494c9cac643499a97ba393d95697d3fd44961816e
  languageName: node
  linkType: hard

"cliui@npm:^8.0.1":
  version: 8.0.1
  resolution: "cliui@npm:8.0.1"
  dependencies:
    string-width: ^4.2.0
    strip-ansi: ^6.0.1
    wrap-ansi: ^7.0.0
  checksum: 79648b3b0045f2e285b76fb2e24e207c6db44323581e421c3acbd0e86454cba1b37aea976ab50195a49e7384b871e6dfb2247ad7dec53c02454ac6497394cb56
  languageName: node
  linkType: hard

"color-convert@npm:^2.0.1":
  version: 2.0.1
  resolution: "color-convert@npm:2.0.1"
  dependencies:
    color-name: ~1.1.4
  checksum: 79e6bdb9fd479a205c71d89574fccfb22bd9053bd98c6c4d870d65c132e5e904e6034978e55b43d69fcaa7433af2016ee203ce76eeba9cfa554b373e7f7db336
  languageName: node
  linkType: hard

"color-name@npm:~1.1.4":
  version: 1.1.4
  resolution: "color-name@npm:1.1.4"
  checksum: b0445859521eb4021cd0fb0cc1a75cecf67fceecae89b63f62b201cca8d345baf8b952c966862a9d9a2632987d4f6581f0ec8d957dfacece86f0a7919316f610
  languageName: node
  linkType: hard

"commander@npm:13.1.0":
  version: 13.1.0
  resolution: "commander@npm:13.1.0"
  checksum: 8ca2fcb33caf2aa06fba3722d7a9440921331d54019dabf906f3603313e7bf334b009b862257b44083ff65d5a3ab19e83ad73af282bd5319f01dc228bdf87ef0
  languageName: node
  linkType: hard

"commander@npm:^2.20.3":
  version: 2.20.3
  resolution: "commander@npm:2.20.3"
  checksum: ab8c07884e42c3a8dbc5dd9592c606176c7eb5c1ca5ff274bcf907039b2c41de3626f684ea75ccf4d361ba004bbaff1f577d5384c155f3871e456bdf27becf9e
  languageName: node
  linkType: hard

"commander@npm:^8.3.0":
  version: 8.3.0
  resolution: "commander@npm:8.3.0"
  checksum: 0f82321821fc27b83bd409510bb9deeebcfa799ff0bf5d102128b500b7af22872c0c92cb6a0ebc5a4cf19c6b550fba9cedfa7329d18c6442a625f851377bacf0
  languageName: node
  linkType: hard

"cosmiconfig@npm:^9.0.2":
  version: 9.0.2
  resolution: "cosmiconfig@npm:9.0.2"
  dependencies:
    env-paths: ^2.2.1
    import-fresh: ^3.3.0
    js-yaml: ^4.1.0
    parse-json: ^5.2.0
  peerDependencies:
    typescript: ">=4.9.5"
  peerDependenciesMeta:
    typescript:
      optional: true
  checksum: 52238a94de80e870610532402f46aa2e690f86b103255557257afa9651f11182e78b1dac6e38f7eff31f1b323ab029c3af4694fdf7e6d8e51698f5533f19ac94
  languageName: node
  linkType: hard

"cssesc@npm:^3.0.0":
  version: 3.0.0
  resolution: "cssesc@npm:3.0.0"
  bin:
    cssesc: bin/cssesc
  checksum: f8c4ababffbc5e2ddf2fa9957dda1ee4af6048e22aeda1869d0d00843223c1b13ad3f5d88b51caa46c994225eacb636b764eb807a8883e2fb6f99b4f4e8c48b2
  languageName: node
  linkType: hard

"cssfilter@npm:0.0.10":
  version: 0.0.10
  resolution: "cssfilter@npm:0.0.10"
  checksum: bc2c52bbb3426c3f2e4832edb6f8573e6cfa65b40b540932762d1e018f0f0157725e2991b77344bbc8266c6bbf4daa2803b0707cfb1bd0877505bf83a68e4b04
  languageName: node
  linkType: hard

"data-uri-to-buffer@npm:^6.0.2":
  version: 6.0.2
  resolution: "data-uri-to-buffer@npm:6.0.2"
  checksum: 8b6927c33f9b54037f442856be0aa20e5fd49fa6c9c8ceece408dc306445d593ad72d207d57037c529ce65f413b421da800c6827b1dbefb607b8056f17123a61
  languageName: node
  linkType: hard

"debug@npm:2.6.9":
  version: 2.6.9
  resolution: "debug@npm:2.6.9"
  dependencies:
    ms: 2.0.0
  checksum: d2f51589ca66df60bf36e1fa6e4386b318c3f1e06772280eea5b1ae9fd3d05e9c2b7fd8a7d862457d00853c75b00451aa2d7459b924629ee385287a650f58fe6
  languageName: node
  linkType: hard

"debug@npm:4, debug@npm:^4.1.1, debug@npm:^4.3.4, debug@npm:^4.4.3":
  version: 4.4.3
  resolution: "debug@npm:4.4.3"
  dependencies:
    ms: ^2.1.3
  peerDependenciesMeta:
    supports-color:
      optional: true
  checksum: 4805abd570e601acdca85b6aa3757186084a45cff9b2fa6eee1f3b173caa776b45f478b2a71a572d616d2010cea9211d0ac4a02a610e4c18ac4324bde3760834
  languageName: node
  linkType: hard

"degenerator@npm:^5.0.0":
  version: 5.0.1
  resolution: "degenerator@npm:5.0.1"
  dependencies:
    ast-types: ^0.13.4
    escodegen: ^2.1.0
    esprima: ^4.0.1
  checksum: a64fa39cdf6c2edd75188157d32338ee9de7193d7dbb2aeb4acb1eb30fa4a15ed80ba8dae9bd4d7b085472cf174a5baf81adb761aaa8e326771392c922084152
  languageName: node
  linkType: hard

"depd@npm:~1.1.2":
  version: 1.1.2
  resolution: "depd@npm:1.1.2"
  checksum: 6b406620d269619852885ce15965272b829df6f409724415e0002c8632ab6a8c0a08ec1f0bd2add05dc7bd7507606f7e2cc034fa24224ab829580040b835ecd9
  languageName: node
  linkType: hard

"devtools-protocol@npm:0.0.1608973":
  version: 0.0.1608973
  resolution: "devtools-protocol@npm:0.0.1608973"
  checksum: e10ac94d0af45f8db03ecd09b076dc4862118cbafceaf580b371d68fc64e3ad825e0c806727fa016d4c3b2700028a8b171525afc9ca4c99314091f73b27f4656
  languageName: node
  linkType: hard

"emoji-regex@npm:^8.0.0":
  version: 8.0.0
  resolution: "emoji-regex@npm:8.0.0"
  checksum: d4c5c39d5a9868b5fa152f00cada8a936868fd3367f33f71be515ecee4c803132d11b31a6222b2571b1e5f7e13890156a94880345594d0ce7e3c9895f560f192
  languageName: node
  linkType: hard

"end-of-stream@npm:^1.1.0":
  version: 1.4.5
  resolution: "end-of-stream@npm:1.4.5"
  dependencies:
    once: ^1.4.0
  checksum: 1e0cfa6e7f49887544e03314f9dfc56a8cb6dde910cbb445983ecc2ff426fc05946df9d75d8a21a3a64f2cecfe1bf88f773952029f46756b2ed64a24e95b1fb8
  languageName: node
  linkType: hard

"entities@npm:^4.5.0":
  version: 4.5.0
  resolution: "entities@npm:4.5.0"
  checksum: 853f8ebd5b425d350bffa97dd6958143179a5938352ccae092c62d1267c4e392a039be1bae7d51b6e4ffad25f51f9617531fedf5237f15df302ccfb452cbf2d7
  languageName: node
  linkType: hard

"env-paths@npm:^2.2.1":
  version: 2.2.1
  resolution: "env-paths@npm:2.2.1"
  checksum: 65b5df55a8bab92229ab2b40dad3b387fad24613263d103a97f91c9fe43ceb21965cd3392b1ccb5d77088021e525c4e0481adb309625d0cb94ade1d1fb8dc17e
  languageName: node
  linkType: hard

"error-ex@npm:^1.3.1":
  version: 1.3.4
  resolution: "error-ex@npm:1.3.4"
  dependencies:
    is-arrayish: ^0.2.1
  checksum: 25136c0984569c8d68417036a9a1624804314296f24675199a391e5d20b2e26fe6d9304d40901293fa86900603a229983c9a8921ea7f1d16f814c2db946ff4ef
  languageName: node
  linkType: hard

"escalade@npm:^3.1.1":
  version: 3.2.0
  resolution: "escalade@npm:3.2.0"
  checksum: 47b029c83de01b0d17ad99ed766347b974b0d628e848de404018f3abee728e987da0d2d370ad4574aa3d5b5bfc368754fd085d69a30f8e75903486ec4b5b709e
  languageName: node
  linkType: hard

"escape-html@npm:~1.0.3":
  version: 1.0.3
  resolution: "escape-html@npm:1.0.3"
  checksum: 6213ca9ae00d0ab8bccb6d8d4e0a98e76237b2410302cf7df70aaa6591d509a2a37ce8998008cbecae8fc8ffaadf3fb0229535e6a145f3ce0b211d060decbb24
  languageName: node
  linkType: hard

"escodegen@npm:^2.1.0":
  version: 2.1.0
  resolution: "escodegen@npm:2.1.0"
  dependencies:
    esprima: ^4.0.1
    estraverse: ^5.2.0
    esutils: ^2.0.2
    source-map: ~0.6.1
  dependenciesMeta:
    source-map:
      optional: true
  bin:
    escodegen: bin/escodegen.js
    esgenerate: bin/esgenerate.js
  checksum: 096696407e161305cd05aebb95134ad176708bc5cb13d0dcc89a5fcbb959b8ed757e7f2591a5f8036f8f4952d4a724de0df14cd419e29212729fa6df5ce16bf6
  languageName: node
  linkType: hard

"esm@npm:^3.2.25":
  version: 3.2.25
  resolution: "esm@npm:3.2.25"
  checksum: 978aabe2de83541c105605a6d60a26ed8e627ef6bb0a7605fe15a95bbdea6b8348bd045255cb22219c054dd09a81a94823df00843d9e97f42419c92015ce3a64
  languageName: node
  linkType: hard

"esprima@npm:^4.0.1":
  version: 4.0.1
  resolution: "esprima@npm:4.0.1"
  bin:
    esparse: ./bin/esparse.js
    esvalidate: ./bin/esvalidate.js
  checksum: b45bc805a613dbea2835278c306b91aff6173c8d034223fa81498c77dcbce3b2931bf6006db816f62eacd9fd4ea975dfd85a5b7f3c6402cfd050d4ca3c13a628
  languageName: node
  linkType: hard

"estraverse@npm:^5.2.0":
  version: 5.3.0
  resolution: "estraverse@npm:5.3.0"
  checksum: 072780882dc8416ad144f8fe199628d2b3e7bbc9989d9ed43795d2c90309a2047e6bc5979d7e2322a341163d22cfad9e21f4110597fe487519697389497e4e2b
  languageName: node
  linkType: hard

"esutils@npm:^2.0.2":
  version: 2.0.3
  resolution: "esutils@npm:2.0.3"
  checksum: 22b5b08f74737379a840b8ed2036a5fb35826c709ab000683b092d9054e5c2a82c27818f12604bfc2a9a76b90b6834ef081edbc1c7ae30d1627012e067c6ec87
  languageName: node
  linkType: hard

"events-universal@npm:^1.0.0":
  version: 1.0.1
  resolution: "events-universal@npm:1.0.1"
  dependencies:
    bare-events: ^2.7.0
  checksum: fb8451c98535bde30585004303a368d55c38e5bc3ed6aa9b5d29fecaabaf8ec276a33ff77dcc1d1c05eecf83b8161f184cabc9a03b76a06c10e9a4ce827a6abc
  languageName: node
  linkType: hard

"extract-zip@npm:^2.0.1":
  version: 2.0.1
  resolution: "extract-zip@npm:2.0.1"
  dependencies:
    "@types/yauzl": ^2.9.1
    debug: ^4.1.1
    get-stream: ^5.1.0
    yauzl: ^2.10.0
  dependenciesMeta:
    "@types/yauzl":
      optional: true
  bin:
    extract-zip: cli.js
  checksum: 8cbda9debdd6d6980819cc69734d874ddd71051c9fe5bde1ef307ebcedfe949ba57b004894b585f758b7c9eeeea0e3d87f2dda89b7d25320459c2c9643ebb635
  languageName: node
  linkType: hard

"fast-fifo@npm:^1.2.0, fast-fifo@npm:^1.3.2":
  version: 1.3.2
  resolution: "fast-fifo@npm:1.3.2"
  checksum: 6bfcba3e4df5af7be3332703b69a7898a8ed7020837ec4395bb341bd96cc3a6d86c3f6071dd98da289618cf2234c70d84b2a6f09a33dd6f988b1ff60d8e54275
  languageName: node
  linkType: hard

"fd-slicer@npm:~1.1.0":
  version: 1.1.0
  resolution: "fd-slicer@npm:1.1.0"
  dependencies:
    pend: ~1.2.0
  checksum: c8585fd5713f4476eb8261150900d2cb7f6ff2d87f8feb306ccc8a1122efd152f1783bdb2b8dc891395744583436bfd8081d8e63ece0ec8687eeefea394d4ff2
  languageName: node
  linkType: hard

"get-caller-file@npm:^2.0.5":
  version: 2.0.5
  resolution: "get-caller-file@npm:2.0.5"
  checksum: b9769a836d2a98c3ee734a88ba712e62703f1df31b94b784762c433c27a386dd6029ff55c2a920c392e33657d80191edbf18c61487e198844844516f843496b9
  languageName: node
  linkType: hard

"get-stream@npm:^5.1.0":
  version: 5.2.0
  resolution: "get-stream@npm:5.2.0"
  dependencies:
    pump: ^3.0.0
  checksum: 8bc1a23174a06b2b4ce600df38d6c98d2ef6d84e020c1ddad632ad75bac4e092eeb40e4c09e0761c35fc2dbc5e7fff5dab5e763a383582c4a167dd69a905bd12
  languageName: node
  linkType: hard

"get-uri@npm:^6.0.1":
  version: 6.0.5
  resolution: "get-uri@npm:6.0.5"
  dependencies:
    basic-ftp: ^5.0.2
    data-uri-to-buffer: ^6.0.2
    debug: ^4.3.4
  checksum: aef94dbecde44bc9cd23f5c1b6af5bf772a3d16612c0fc37d3a4056ffd202f2cdd329746d4fdc2124813ea6c8b1c5279f3749d27226a2b161df43dbcb70082e3
  languageName: node
  linkType: hard

"guadec2025@workspace:.":
  version: 0.0.0-use.local
  resolution: "guadec2025@workspace:."
  dependencies:
    "@marp-team/marp-cli": ^4.2.1
  languageName: unknown
  linkType: soft

"highlight.js@npm:^11.11.1":
  version: 11.11.1
  resolution: "highlight.js@npm:11.11.1"
  checksum: 841ddd329a92be123a61ef4051698f824c3575deef588fbb810bd638f1575ddc96b7bdd925b97c05a29276bb119dfcb8e5bcb0acb31c86249371bf046e131d72
  languageName: node
  linkType: hard

"http-errors@npm:~1.8.0":
  version: 1.8.1
  resolution: "http-errors@npm:1.8.1"
  dependencies:
    depd: ~1.1.2
    inherits: 2.0.4
    setprototypeof: 1.2.0
    statuses: ">= 1.5.0 < 2"
    toidentifier: 1.0.1
  checksum: d3c7e7e776fd51c0a812baff570bdf06fe49a5dc448b700ab6171b1250e4cf7db8b8f4c0b133e4bfe2451022a5790c1ca6c2cae4094dedd6ac8304a1267f91d2
  languageName: node
  linkType: hard

"http-proxy-agent@npm:^7.0.0, http-proxy-agent@npm:^7.0.1":
  version: 7.0.2
  resolution: "http-proxy-agent@npm:7.0.2"
  dependencies:
    agent-base: ^7.1.0
    debug: ^4.3.4
  checksum: 670858c8f8f3146db5889e1fa117630910101db601fff7d5a8aa637da0abedf68c899f03d3451cac2f83bcc4c3d2dabf339b3aa00ff8080571cceb02c3ce02f3
  languageName: node
  linkType: hard

"https-proxy-agent@npm:^7.0.6":
  version: 7.0.6
  resolution: "https-proxy-agent@npm:7.0.6"
  dependencies:
    agent-base: ^7.1.2
    debug: 4
  checksum: b882377a120aa0544846172e5db021fa8afbf83fea2a897d397bd2ddd8095ab268c24bc462f40a15f2a8c600bf4aa05ce52927f70038d4014e68aefecfa94e8d
  languageName: node
  linkType: hard

"import-fresh@npm:^3.3.0":
  version: 3.3.1
  resolution: "import-fresh@npm:3.3.1"
  dependencies:
    parent-module: ^1.0.0
    resolve-from: ^4.0.0
  checksum: a06b19461b4879cc654d46f8a6244eb55eb053437afd4cbb6613cad6be203811849ed3e4ea038783092879487299fda24af932b86bdfff67c9055ba3612b8c87
  languageName: node
  linkType: hard

"inherits@npm:2.0.4":
  version: 2.0.4
  resolution: "inherits@npm:2.0.4"
  checksum: 4a48a733847879d6cf6691860a6b1e3f0f4754176e4d71494c41f3475553768b10f84b5ce1d40fbd0e34e6bfbb864ee35858ad4dd2cf31e02fc4a154b724d7f1
  languageName: node
  linkType: hard

"ip-address@npm:^10.1.1":
  version: 10.2.0
  resolution: "ip-address@npm:10.2.0"
  checksum: 3ffba04dc4cdaf81ed2ed6edc47eee1494bb97550ef73f1918ca28405d175c03efa416b8337e868123b08c2cc677e3a07c5ce03eda3b1aeb2741c149bd37ddf9
  languageName: node
  linkType: hard

"is-arrayish@npm:^0.2.1":
  version: 0.2.1
  resolution: "is-arrayish@npm:0.2.1"
  checksum: eef4417e3c10e60e2c810b6084942b3ead455af16c4509959a27e490e7aee87cfb3f38e01bbde92220b528a0ee1a18d52b787e1458ee86174d8c7f0e58cd488f
  languageName: node
  linkType: hard

"is-fullwidth-code-point@npm:^3.0.0":
  version: 3.0.0
  resolution: "is-fullwidth-code-point@npm:3.0.0"
  checksum: 44a30c29457c7fb8f00297bce733f0a64cd22eca270f83e58c105e0d015e45c019491a4ab2faef91ab51d4738c670daff901c799f6a700e27f7314029e99e348
  languageName: node
  linkType: hard

"js-tokens@npm:^4.0.0":
  version: 4.0.0
  resolution: "js-tokens@npm:4.0.0"
  checksum: 8a95213a5a77deb6cbe94d86340e8d9ace2b93bc367790b260101d2f36a2eaf4e4e22d9fa9cf459b38af3a32fb4190e638024cf82ec95ef708680e405ea7cc78
  languageName: node
  linkType: hard

"js-yaml@npm:^4.1.0, js-yaml@npm:^4.3.0":
  version: 4.3.0
  resolution: "js-yaml@npm:4.3.0"
  dependencies:
    argparse: ^2.0.1
  bin:
    js-yaml: bin/js-yaml.js
  checksum: 1268fb22ae8504646cedc0823c18816d4af056029578e855b9a4d3e19bcafc3e9ba9e391f70dea4a29b023bb09f23639766071199cb89e853266b90a6ec25f9a
  languageName: node
  linkType: hard

"json-parse-even-better-errors@npm:^2.3.0":
  version: 2.3.1
  resolution: "json-parse-even-better-errors@npm:2.3.1"
  checksum: 798ed4cf3354a2d9ccd78e86d2169515a0097a5c133337807cdf7f1fc32e1391d207ccfc276518cc1d7d8d4db93288b8a50ba4293d212ad1336e52a8ec0a941f
  languageName: node
  linkType: hard

"katex@npm:^0.17.0":
  version: 0.17.0
  resolution: "katex@npm:0.17.0"
  dependencies:
    commander: ^8.3.0
  bin:
    katex: cli.js
  checksum: 1069bff9893a57534b453191a5242c30e3f533e6cf5fad8301a250aa2f22cfefab4e30def821eb23fee72e33379898d72e3d8b70a845dd0dd0d6d5ec0ab42e34
  languageName: node
  linkType: hard

"lines-and-columns@npm:^1.1.6":
  version: 1.2.4
  resolution: "lines-and-columns@npm:1.2.4"
  checksum: 0c37f9f7fa212b38912b7145e1cd16a5f3cd34d782441c3e6ca653485d326f58b3caccda66efce1c5812bde4961bbde3374fae4b0d11bf1226152337f3894aa5
  languageName: node
  linkType: hard

"linkify-it@npm:^5.0.2":
  version: 5.0.2
  resolution: "linkify-it@npm:5.0.2"
  dependencies:
    uc.micro: ^2.0.0
  checksum: 3ac965e7df2c8788dc5c4c3009aab745f0288dcbc8776ab5bf4317b106c7b7b84fd0f502565d81f9c07f61fa0f0a4150893a6af9d86c36af985aac115bb5c293
  languageName: node
  linkType: hard

"lodash.kebabcase@npm:^4.1.1":
  version: 4.1.1
  resolution: "lodash.kebabcase@npm:4.1.1"
  checksum: 5a6c59161914e1bae23438a298c7433e83d935e0f59853fa862e691164696bc07f6dfa4c313d499fbf41ba8d53314e9850416502376705a357d24ee6ca33af78
  languageName: node
  linkType: hard

"lru-cache@npm:^7.14.1":
  version: 7.18.3
  resolution: "lru-cache@npm:7.18.3"
  checksum: e550d772384709deea3f141af34b6d4fa392e2e418c1498c078de0ee63670f1f46f5eee746e8ef7e69e1c895af0d4224e62ee33e66a543a14763b0f2e74c1356
  languageName: node
  linkType: hard

"markdown-it-front-matter@npm:^0.2.4":
  version: 0.2.4
  resolution: "markdown-it-front-matter@npm:0.2.4"
  checksum: 1b3921bd11dc2e66da03c92d202a8c6c3733915f87c2ee505e8f425c64c9d11ea760b20651b0497f91065001e14cedadaa1f43647e5884c07550b6c591ffa4fb
  languageName: node
  linkType: hard

"markdown-it@npm:^14.2.0":
  version: 14.3.0
  resolution: "markdown-it@npm:14.3.0"
  dependencies:
    argparse: ^2.0.1
    entities: ^4.5.0
    linkify-it: ^5.0.2
    mdurl: ^2.0.0
    punycode.js: ^2.3.1
    uc.micro: ^2.1.0
  bin:
    markdown-it: bin/markdown-it.mjs
  checksum: 738b14c8e34cade05e153bfcea4f3e669fa98e669e1373e505b6f2a384ce8146e25cc0449bd4675d4df52e12e46f85d5018a9f2fb3decee90fbb0aa526fb7383
  languageName: node
  linkType: hard

"mathjax-full@npm:^3.2.2":
  version: 3.2.2
  resolution: "mathjax-full@npm:3.2.2"
  dependencies:
    esm: ^3.2.25
    mhchemparser: ^4.1.0
    mj-context-menu: ^0.6.1
    speech-rule-engine: ^4.0.6
  checksum: 6fbccb9338e1fbf686202d924666d79ac9eb658157c1c8102ba018672188978c4cacfb1b6f65adf7d2d51dc79535ff3e32ba86b15e66d3011dda2ab99562d90d
  languageName: node
  linkType: hard

"mdurl@npm:^2.0.0":
  version: 2.0.0
  resolution: "mdurl@npm:2.0.0"
  checksum: 880bc289ef668df0bb34c5b2b5aaa7b6ea755052108cdaf4a5e5968ad01cf27e74927334acc9ebcc50a8628b65272ae6b1fd51fae1330c130e261c0466e1a3b2
  languageName: node
  linkType: hard

"mhchemparser@npm:^4.1.0":
  version: 4.2.1
  resolution: "mhchemparser@npm:4.2.1"
  checksum: 6dd7e3926befc74d26cf7b44b9e5ff7295e142bffc48a60bd225d5a30d525354afb70d23fc4fdb8f46178099ab98a66a57a6131dcb0f410264cfd2b9ad4af4b7
  languageName: node
  linkType: hard

"mime-db@npm:1.52.0":
  version: 1.52.0
  resolution: "mime-db@npm:1.52.0"
  checksum: 0d99a03585f8b39d68182803b12ac601d9c01abfa28ec56204fa330bc9f3d1c5e14beb049bafadb3dbdf646dfb94b87e24d4ec7b31b7279ef906a8ea9b6a513f
  languageName: node
  linkType: hard

"mime-types@npm:~2.1.34, mime-types@npm:~2.1.35":
  version: 2.1.35
  resolution: "mime-types@npm:2.1.35"
  dependencies:
    mime-db: 1.52.0
  checksum: 89a5b7f1def9f3af5dad6496c5ed50191ae4331cc5389d7c521c8ad28d5fdad2d06fd81baf38fed813dc4e46bb55c8145bb0ff406330818c9cf712fb2e9b3836
  languageName: node
  linkType: hard

"mitt@npm:^3.0.1":
  version: 3.0.1
  resolution: "mitt@npm:3.0.1"
  checksum: b55a489ac9c2949ab166b7f060601d3b6d893a852515ae9eca4e11df01c013876df777ea109317622b5c1c60e8aae252558e33c8c94e14124db38f64a39614b1
  languageName: node
  linkType: hard

"mj-context-menu@npm:^0.6.1":
  version: 0.6.1
  resolution: "mj-context-menu@npm:0.6.1"
  checksum: 7a036026538662cac9619b760fade98681618c3ddf417cb36eddb7c28a937baf257c56fd0b6318738419e738ba01a00bcb3790b324885fd6edbae03fb0a2c986
  languageName: node
  linkType: hard

"ms@npm:2.0.0":
  version: 2.0.0
  resolution: "ms@npm:2.0.0"
  checksum: 0e6a22b8b746d2e0b65a430519934fefd41b6db0682e3477c10f60c76e947c4c0ad06f63ffdf1d78d335f83edee8c0aa928aa66a36c7cd95b69b26f468d527f4
  languageName: node
  linkType: hard

"ms@npm:^2.1.3":
  version: 2.1.3
  resolution: "ms@npm:2.1.3"
  checksum: aa92de608021b242401676e35cfa5aa42dd70cbdc082b916da7fb925c542173e36bce97ea3e804923fe92c0ad991434e4a38327e15a1b5b5f945d66df615ae6d
  languageName: node
  linkType: hard

"nanoid@npm:^3.3.12":
  version: 3.3.16
  resolution: "nanoid@npm:3.3.16"
  bin:
    nanoid: bin/nanoid.cjs
  checksum: 2489d8f87f02178a15b901d7d06e490838383a2acdf01ec2b4e4343c02325ab648965a539eba8bdb821560a33e4c34be506b9e1c7c1bb5cb750e894f500fce92
  languageName: node
  linkType: hard

"negotiator@npm:0.6.3":
  version: 0.6.3
  resolution: "negotiator@npm:0.6.3"
  checksum: b8ffeb1e262eff7968fc90a2b6767b04cfd9842582a9d0ece0af7049537266e7b2506dfb1d107a32f06dd849ab2aea834d5830f7f4d0e5cb7d36e1ae55d021d9
  languageName: node
  linkType: hard

"netmask@npm:^2.0.2":
  version: 2.1.1
  resolution: "netmask@npm:2.1.1"
  checksum: a733e8873a457138518ac0ac9d7c92147b79886c336300ffd2403e067790338eb48939dd0cbbb94251ff070859e7b6dca43410057c99edb8e1982d34a4145a5b
  languageName: node
  linkType: hard

"once@npm:^1.3.1, once@npm:^1.4.0":
  version: 1.4.0
  resolution: "once@npm:1.4.0"
  dependencies:
    wrappy: 1
  checksum: cd0a88501333edd640d95f0d2700fbde6bff20b3d4d9bdc521bdd31af0656b5706570d6c6afe532045a20bb8dc0849f8332d6f2a416e0ba6d3d3b98806c7db68
  languageName: node
  linkType: hard

"pac-proxy-agent@npm:^7.1.0":
  version: 7.2.0
  resolution: "pac-proxy-agent@npm:7.2.0"
  dependencies:
    "@tootallnate/quickjs-emscripten": ^0.23.0
    agent-base: ^7.1.2
    debug: ^4.3.4
    get-uri: ^6.0.1
    http-proxy-agent: ^7.0.0
    https-proxy-agent: ^7.0.6
    pac-resolver: ^7.0.1
    socks-proxy-agent: ^8.0.5
  checksum: 099c1bc8944da6a98e8b7de1fbf23e4014bc3063f66a7c29478bd852c1162e1d086a4f80f874f40961ebd5c516e736aed25852db97b79360cbdcc9db38086981
  languageName: node
  linkType: hard

"pac-resolver@npm:^7.0.1":
  version: 7.0.1
  resolution: "pac-resolver@npm:7.0.1"
  dependencies:
    degenerator: ^5.0.0
    netmask: ^2.0.2
  checksum: 839134328781b80d49f9684eae1f5c74f50a1d4482076d44c84fc2f3ca93da66fa11245a4725a057231e06b311c20c989fd0681e662a0792d17f644d8fe62a5e
  languageName: node
  linkType: hard

"parent-module@npm:^1.0.0":
  version: 1.0.1
  resolution: "parent-module@npm:1.0.1"
  dependencies:
    callsites: ^3.0.0
  checksum: 6ba8b255145cae9470cf5551eb74be2d22281587af787a2626683a6c20fbb464978784661478dd2a3f1dad74d1e802d403e1b03c1a31fab310259eec8ac560ff
  languageName: node
  linkType: hard

"parse-json@npm:^5.2.0":
  version: 5.2.0
  resolution: "parse-json@npm:5.2.0"
  dependencies:
    "@babel/code-frame": ^7.0.0
    error-ex: ^1.3.1
    json-parse-even-better-errors: ^2.3.0
    lines-and-columns: ^1.1.6
  checksum: 62085b17d64da57f40f6afc2ac1f4d95def18c4323577e1eced571db75d9ab59b297d1d10582920f84b15985cbfc6b6d450ccbf317644cfa176f3ed982ad87e2
  languageName: node
  linkType: hard

"parseurl@npm:~1.3.3":
  version: 1.3.3
  resolution: "parseurl@npm:1.3.3"
  checksum: 407cee8e0a3a4c5cd472559bca8b6a45b82c124e9a4703302326e9ab60fc1081442ada4e02628efef1eb16197ddc7f8822f5a91fd7d7c86b51f530aedb17dfa2
  languageName: node
  linkType: hard

"pend@npm:~1.2.0":
  version: 1.2.0
  resolution: "pend@npm:1.2.0"
  checksum: 6c72f5243303d9c60bd98e6446ba7d30ae29e3d56fdb6fae8767e8ba6386f33ee284c97efe3230a0d0217e2b1723b8ab490b1bbf34fcbb2180dbc8a9de47850d
  languageName: node
  linkType: hard

"picocolors@npm:^1.1.1":
  version: 1.1.1
  resolution: "picocolors@npm:1.1.1"
  checksum: e1cf46bf84886c79055fdfa9dcb3e4711ad259949e3565154b004b260cd356c5d54b31a1437ce9782624bf766272fe6b0154f5f0c744fb7af5d454d2b60db045
  languageName: node
  linkType: hard

"postcss-nesting@npm:^13.0.2":
  version: 13.0.2
  resolution: "postcss-nesting@npm:13.0.2"
  dependencies:
    "@csstools/selector-resolve-nested": ^3.1.0
    "@csstools/selector-specificity": ^5.0.0
    postcss-selector-parser: ^7.0.0
  peerDependencies:
    postcss: ^8.4
  checksum: fce488a2e77d9a8183a4e014caf047e41cb2422c07de1d49a092734fc90feeb8ced21090e3e284cfb2956afdba73e4a3547065ede228b209003bac5e1de62f0a
  languageName: node
  linkType: hard

"postcss-selector-parser@npm:^7.0.0, postcss-selector-parser@npm:^7.1.4":
  version: 7.1.4
  resolution: "postcss-selector-parser@npm:7.1.4"
  dependencies:
    cssesc: ^3.0.0
    util-deprecate: ^1.0.2
  checksum: 66fa9908f4239e8042e47a67272556404f71d5ef9ef4a271ae519b1a3775f999c7ae6cc9e504f7d6c2715c12ed89ca73f77b8ee23f93ea127d06a2a720854b50
  languageName: node
  linkType: hard

"postcss@npm:^8.5.15":
  version: 8.5.19
  resolution: "postcss@npm:8.5.19"
  dependencies:
    nanoid: ^3.3.12
    picocolors: ^1.1.1
    source-map-js: ^1.2.1
  checksum: c977ac0c159f7833ceb212c9cb2c1b75845703a2e620f2eb1cd719ee91290a830acf0385f8695f56470560e501e619ef1518a9e7ee2f54bde935484cc73b624c
  languageName: node
  linkType: hard

"progress@npm:^2.0.3":
  version: 2.0.3
  resolution: "progress@npm:2.0.3"
  checksum: f67403fe7b34912148d9252cb7481266a354bd99ce82c835f79070643bb3c6583d10dbcfda4d41e04bbc1d8437e9af0fb1e1f2135727878f5308682a579429b7
  languageName: node
  linkType: hard

"proxy-agent@npm:^6.5.0":
  version: 6.5.0
  resolution: "proxy-agent@npm:6.5.0"
  dependencies:
    agent-base: ^7.1.2
    debug: ^4.3.4
    http-proxy-agent: ^7.0.1
    https-proxy-agent: ^7.0.6
    lru-cache: ^7.14.1
    pac-proxy-agent: ^7.1.0
    proxy-from-env: ^1.1.0
    socks-proxy-agent: ^8.0.5
  checksum: d03ad2d171c2768280ade7ea6a7c5b1d0746215d70c0a16e02780c26e1d347edd27b3f48374661ae54ec0f7b41e6e45175b687baf333b36b1fd109a525154806
  languageName: node
  linkType: hard

"proxy-from-env@npm:^1.1.0":
  version: 1.1.0
  resolution: "proxy-from-env@npm:1.1.0"
  checksum: ed7fcc2ba0a33404958e34d95d18638249a68c430e30fcb6c478497d72739ba64ce9810a24f53a7d921d0c065e5b78e3822759800698167256b04659366ca4d4
  languageName: node
  linkType: hard

"pump@npm:^3.0.0":
  version: 3.0.4
  resolution: "pump@npm:3.0.4"
  dependencies:
    end-of-stream: ^1.1.0
    once: ^1.3.1
  checksum: d043c3e710c56ffd280711e98a94e863ab334f79ea43cee0fb70e1349b2355ffd2ff287c7522e4c960a247699d5b7825f00fa090b85d6179c973be13f78a6c49
  languageName: node
  linkType: hard

"punycode.js@npm:^2.3.1":
  version: 2.3.1
  resolution: "punycode.js@npm:2.3.1"
  checksum: 13466d7ed5e8dacdab8c4cc03837e7dd14218a59a40eb14a837f1f53ca396e18ef2c4ee6d7766b8ed2fc391d6a3ac489eebf2de83b3596f5a54e86df4a251b72
  languageName: node
  linkType: hard

"puppeteer-core@npm:^24.43.1":
  version: 24.43.1
  resolution: "puppeteer-core@npm:24.43.1"
  dependencies:
    "@puppeteer/browsers": 2.13.2
    chromium-bidi: 14.0.0
    debug: ^4.4.3
    devtools-protocol: 0.0.1608973
    typed-query-selector: ^2.12.2
    webdriver-bidi-protocol: 0.4.1
    ws: ^8.20.0
  checksum: bd20bab4073de58f4758f02a56452c4a0a8801a0d933000cff46c41a5897b4f9ddf9ffb58fc3a49de5697113f3b7e761188718a7949e9777b2700671abe7de5f
  languageName: node
  linkType: hard

"readdirp@npm:^4.0.1":
  version: 4.1.2
  resolution: "readdirp@npm:4.1.2"
  checksum: 3242ee125422cb7c0e12d51452e993f507e6ed3d8c490bc8bf3366c5cdd09167562224e429b13e9cb2b98d4b8b2b11dc100d3c73883aa92d657ade5a21ded004
  languageName: node
  linkType: hard

"require-directory@npm:^2.1.1":
  version: 2.1.1
  resolution: "require-directory@npm:2.1.1"
  checksum: fb47e70bf0001fdeabdc0429d431863e9475e7e43ea5f94ad86503d918423c1543361cc5166d713eaa7029dd7a3d34775af04764bebff99ef413111a5af18c80
  languageName: node
  linkType: hard

"resolve-from@npm:^4.0.0":
  version: 4.0.0
  resolution: "resolve-from@npm:4.0.0"
  checksum: f4ba0b8494846a5066328ad33ef8ac173801a51739eb4d63408c847da9a2e1c1de1e6cbbf72699211f3d13f8fc1325648b169bd15eb7da35688e30a5fb0e4a7f
  languageName: node
  linkType: hard

"semver@npm:^7.7.4":
  version: 7.8.5
  resolution: "semver@npm:7.8.5"
  bin:
    semver: bin/semver.js
  checksum: 0c580f17e88e2b45806dc5cf3d824f719c946999d3554bf30307c2b68b3300ab3c8bfcd84d8f489b93b4cbb5362f5fc8de4d2858954f18d834253c4450fc9f6b
  languageName: node
  linkType: hard

"serve-index@npm:^1.9.2":
  version: 1.9.2
  resolution: "serve-index@npm:1.9.2"
  dependencies:
    accepts: ~1.3.8
    batch: 0.6.1
    debug: 2.6.9
    escape-html: ~1.0.3
    http-errors: ~1.8.0
    mime-types: ~2.1.35
    parseurl: ~1.3.3
  checksum: c9a35836f85396fc0700aaf67a7f4be99a94c4908749d5cb98e4cae67333a59530effe037344600f351154fbee3b42d8eef5182041fdc98983f2549e3c5fa97b
  languageName: node
  linkType: hard

"setprototypeof@npm:1.2.0":
  version: 1.2.0
  resolution: "setprototypeof@npm:1.2.0"
  checksum: be18cbbf70e7d8097c97f713a2e76edf84e87299b40d085c6bf8b65314e994cc15e2e317727342fa6996e38e1f52c59720b53fe621e2eb593a6847bf0356db89
  languageName: node
  linkType: hard

"smart-buffer@npm:^4.2.0":
  version: 4.2.0
  resolution: "smart-buffer@npm:4.2.0"
  checksum: b5167a7142c1da704c0e3af85c402002b597081dd9575031a90b4f229ca5678e9a36e8a374f1814c8156a725d17008ae3bde63b92f9cfd132526379e580bec8b
  languageName: node
  linkType: hard

"socks-proxy-agent@npm:^8.0.5":
  version: 8.0.5
  resolution: "socks-proxy-agent@npm:8.0.5"
  dependencies:
    agent-base: ^7.1.2
    debug: ^4.3.4
    socks: ^2.8.3
  checksum: b4fbcdb7ad2d6eec445926e255a1fb95c975db0020543fbac8dfa6c47aecc6b3b619b7fb9c60a3f82c9b2969912a5e7e174a056ae4d98cb5322f3524d6036e1d
  languageName: node
  linkType: hard

"socks@npm:^2.8.3":
  version: 2.8.9
  resolution: "socks@npm:2.8.9"
  dependencies:
    ip-address: ^10.1.1
    smart-buffer: ^4.2.0
  checksum: b573ed4cfb935624d3688e7065cd03fd72ca258156923c9ebb9d462e545cd78f296b64a0e36f911b16326c94aabe2bf94ff405f8afef27ac7bf80fa3c971c6f6
  languageName: node
  linkType: hard

"source-map-js@npm:^1.2.1":
  version: 1.2.1
  resolution: "source-map-js@npm:1.2.1"
  checksum: 4eb0cd997cdf228bc253bcaff9340afeb706176e64868ecd20efbe6efea931465f43955612346d6b7318789e5265bdc419bc7669c1cebe3db0eb255f57efa76b
  languageName: node
  linkType: hard

"source-map@npm:~0.6.1":
  version: 0.6.1
  resolution: "source-map@npm:0.6.1"
  checksum: 59ce8640cf3f3124f64ac289012c2b8bd377c238e316fb323ea22fbfe83da07d81e000071d7242cad7a23cd91c7de98e4df8830ec3f133cb6133a5f6e9f67bc2
  languageName: node
  linkType: hard

"speech-rule-engine@npm:^4.0.6":
  version: 4.1.4
  resolution: "speech-rule-engine@npm:4.1.4"
  dependencies:
    "@xmldom/xmldom": 0.9.10
    commander: 13.1.0
    wicked-good-xpath: 1.3.0
  bin:
    sre: bin/sre
  checksum: ed729ab1df354430539248b35d01186dcf2ce2697156c3adcba4aa7d6f2078f44c72d90d99ffc25dd3364aa4729c872bd5365713a14294f1c9736b5cd2e7b6ff
  languageName: node
  linkType: hard

"statuses@npm:>= 1.5.0 < 2":
  version: 1.5.0
  resolution: "statuses@npm:1.5.0"
  checksum: c469b9519de16a4bb19600205cffb39ee471a5f17b82589757ca7bd40a8d92ebb6ed9f98b5a540c5d302ccbc78f15dc03cc0280dd6e00df1335568a5d5758a5c
  languageName: node
  linkType: hard

"streamx@npm:^2.12.5, streamx@npm:^2.15.0, streamx@npm:^2.25.0":
  version: 2.28.0
  resolution: "streamx@npm:2.28.0"
  dependencies:
    events-universal: ^1.0.0
    fast-fifo: ^1.3.2
    text-decoder: ^1.1.0
  checksum: c04570e5dd927670886dcbcff103c41a8cc717a7ac7e682788975a6eee3f3906ad9feb402020bd44ea21c1494f77139344f4bcb944f4b3a9ddb20307943015bc
  languageName: node
  linkType: hard

"string-width@npm:^4.1.0, string-width@npm:^4.2.0, string-width@npm:^4.2.3":
  version: 4.2.3
  resolution: "string-width@npm:4.2.3"
  dependencies:
    emoji-regex: ^8.0.0
    is-fullwidth-code-point: ^3.0.0
    strip-ansi: ^6.0.1
  checksum: e52c10dc3fbfcd6c3a15f159f54a90024241d0f149cf8aed2982a2d801d2e64df0bf1dc351cf8e95c3319323f9f220c16e740b06faecd53e2462df1d2b5443fb
  languageName: node
  linkType: hard

"strip-ansi@npm:^6.0.0, strip-ansi@npm:^6.0.1":
  version: 6.0.1
  resolution: "strip-ansi@npm:6.0.1"
  dependencies:
    ansi-regex: ^5.0.1
  checksum: f3cd25890aef3ba6e1a74e20896c21a46f482e93df4a06567cebf2b57edabb15133f1f94e57434e0a958d61186087b1008e89c94875d019910a213181a14fc8c
  languageName: node
  linkType: hard

"tar-fs@npm:^3.1.1":
  version: 3.1.3
  resolution: "tar-fs@npm:3.1.3"
  dependencies:
    bare-fs: ^4.0.1
    bare-path: ^3.0.0
    pump: ^3.0.0
    tar-stream: ^3.1.5
  dependenciesMeta:
    bare-fs:
      optional: true
    bare-path:
      optional: true
  checksum: f605987970d75feeba5c05209c19789227fcbcae90a6acfc2825304b181234940093b304a864924e1958af2b060459e109db5470e018e5eb1f003069eb68bc6f
  languageName: node
  linkType: hard

"tar-stream@npm:^3.1.5":
  version: 3.2.0
  resolution: "tar-stream@npm:3.2.0"
  dependencies:
    b4a: ^1.6.4
    bare-fs: ^4.5.5
    fast-fifo: ^1.2.0
    streamx: ^2.15.0
  checksum: 975947de3aeb85a66b729fb38682c47738f38df331897d0702cbf55ed6eff4b39d942783279ffa134b247cf7f7e2210c0fe4324c581a40ea4a1ebc6989d24560
  languageName: node
  linkType: hard

"teex@npm:^1.0.1":
  version: 1.0.1
  resolution: "teex@npm:1.0.1"
  dependencies:
    streamx: ^2.12.5
  checksum: 36bf7ce8bb5eb428ad7b14b695ee7fb0a02f09c1a9d8181cc42531208543a920b299d711bf78dad4ff9bcf36ac437ae8e138053734746076e3e0e7d6d76eef64
  languageName: node
  linkType: hard

"text-decoder@npm:^1.1.0":
  version: 1.2.7
  resolution: "text-decoder@npm:1.2.7"
  dependencies:
    b4a: ^1.6.4
  checksum: a544f8490806675986e9703cda2d0809d7bd010adf0cc19ac9975791912ea9e6998cd4696d7d7e9392c5648e660111a865c983e8adfeb29699fab471548f82a3
  languageName: node
  linkType: hard

"tmp@npm:^0.2.7":
  version: 0.2.7
  resolution: "tmp@npm:0.2.7"
  checksum: 45dec2fc288ad368eeff7268cb6d5d33452c6d35f4f7d9b1b5e023409a141dab57a3c08b5f505daf3af6d69667a5f544fc1a5b6a27c6f9396a5a1b4002912f1c
  languageName: node
  linkType: hard

"toidentifier@npm:1.0.1":
  version: 1.0.1
  resolution: "toidentifier@npm:1.0.1"
  checksum: 952c29e2a85d7123239b5cfdd889a0dde47ab0497f0913d70588f19c53f7e0b5327c95f4651e413c74b785147f9637b17410ac8c846d5d4a20a5a33eb6dc3a45
  languageName: node
  linkType: hard

"tslib@npm:^2.0.1":
  version: 2.8.1
  resolution: "tslib@npm:2.8.1"
  checksum: e4aba30e632b8c8902b47587fd13345e2827fa639e7c3121074d5ee0880723282411a8838f830b55100cbe4517672f84a2472667d355b81e8af165a55dc6203a
  languageName: node
  linkType: hard

"typed-query-selector@npm:^2.12.2":
  version: 2.12.2
  resolution: "typed-query-selector@npm:2.12.2"
  checksum: 6c886f83240435404affda1f2c84aa2ffdb78b587ea12d2d00fb086bbecbf7aff96d88f1fa10454da65bfe39d02e8f510ade76014c8fd9f30e32fc2068e125c4
  languageName: node
  linkType: hard

"uc.micro@npm:^2.0.0, uc.micro@npm:^2.1.0":
  version: 2.1.0
  resolution: "uc.micro@npm:2.1.0"
  checksum: 37197358242eb9afe367502d4638ac8c5838b78792ab218eafe48287b0ed28aaca268ec0392cc5729f6c90266744de32c06ae938549aee041fc93b0f9672d6b2
  languageName: node
  linkType: hard

"undici-types@npm:~8.3.0":
  version: 8.3.0
  resolution: "undici-types@npm:8.3.0"
  checksum: bdc1d54d8b48f3f2a801f7707a2ad53b76711039dd9a276382d4bdbbded79355574309425096127a42313731bde7a76cc299855fc06872797edd0acbfcef5bc0
  languageName: node
  linkType: hard

"util-deprecate@npm:^1.0.2":
  version: 1.0.2
  resolution: "util-deprecate@npm:1.0.2"
  checksum: 474acf1146cb2701fe3b074892217553dfcf9a031280919ba1b8d651a068c9b15d863b7303cb15bd00a862b498e6cf4ad7b4a08fb134edd5a6f7641681cb54a2
  languageName: node
  linkType: hard

"webdriver-bidi-protocol@npm:0.4.1":
  version: 0.4.1
  resolution: "webdriver-bidi-protocol@npm:0.4.1"
  checksum: 9d0e8520a06b5e81f53517d6119f7728030e9b5862a4eb7adfbc2806190f0eb9335b044b51e1f4150b35ee2af898960901e07d70d92ede7e338b36ea9fccc44f
  languageName: node
  linkType: hard

"wicked-good-xpath@npm:1.3.0":
  version: 1.3.0
  resolution: "wicked-good-xpath@npm:1.3.0"
  checksum: 1aa84bd57426aa07f95d7eca0b0410e841b8e7a35248c9404fa235eaf6a0932c811a96cbdc763c3df18ab76c7644fd8e807d8f185146154d3fc6baf554dcc7e3
  languageName: node
  linkType: hard

"wrap-ansi@npm:^7.0.0":
  version: 7.0.0
  resolution: "wrap-ansi@npm:7.0.0"
  dependencies:
    ansi-styles: ^4.0.0
    string-width: ^4.1.0
    strip-ansi: ^6.0.0
  checksum: a790b846fd4505de962ba728a21aaeda189b8ee1c7568ca5e817d85930e06ef8d1689d49dbf0e881e8ef84436af3a88bc49115c2e2788d841ff1b8b5b51a608b
  languageName: node
  linkType: hard

"wrappy@npm:1":
  version: 1.0.2
  resolution: "wrappy@npm:1.0.2"
  checksum: 159da4805f7e84a3d003d8841557196034155008f817172d4e986bd591f74aa82aa7db55929a54222309e01079a65a92a9e6414da5a6aa4b01ee44a511ac3ee5
  languageName: node
  linkType: hard

"ws@npm:^8.20.0, ws@npm:^8.21.0":
  version: 8.21.0
  resolution: "ws@npm:8.21.0"
  peerDependencies:
    bufferutil: ^4.0.1
    utf-8-validate: ">=5.0.2"
  peerDependenciesMeta:
    bufferutil:
      optional: true
    utf-8-validate:
      optional: true
  checksum: 83ff89ae011bc5c3c5605a45a0d50e12589143c7500ca4de83a8d43b3cd26e71f422cb3206fd1a9e6d541d666eeb66255c30d095d62d413b3c7afe5d2c5cb928
  languageName: node
  linkType: hard

"xss@npm:^1.0.15":
  version: 1.0.15
  resolution: "xss@npm:1.0.15"
  dependencies:
    commander: ^2.20.3
    cssfilter: 0.0.10
  bin:
    xss: bin/xss
  checksum: dee066ba0962105475f12ae39fecf4cd6108cb980aefad67578a349d521e6059e184c2d63695a99d58483a02f0c0d48a36816d95c0a0beb56fba60ed53ccd824
  languageName: node
  linkType: hard

"y18n@npm:^5.0.5":
  version: 5.0.8
  resolution: "y18n@npm:5.0.8"
  checksum: 54f0fb95621ee60898a38c572c515659e51cc9d9f787fb109cef6fde4befbe1c4602dc999d30110feee37456ad0f1660fa2edcfde6a9a740f86a290999550d30
  languageName: node
  linkType: hard

"yargs-parser@npm:^21.1.1":
  version: 21.1.1
  resolution: "yargs-parser@npm:21.1.1"
  checksum: ed2d96a616a9e3e1cc7d204c62ecc61f7aaab633dcbfab2c6df50f7f87b393993fe6640d017759fe112d0cb1e0119f2b4150a87305cc873fd90831c6a58ccf1c
  languageName: node
  linkType: hard

"yargs@npm:^17.7.2":
  version: 17.7.3
  resolution: "yargs@npm:17.7.3"
  dependencies:
    cliui: ^8.0.1
    escalade: ^3.1.1
    get-caller-file: ^2.0.5
    require-directory: ^2.1.1
    string-width: ^4.2.3
    y18n: ^5.0.5
    yargs-parser: ^21.1.1
  checksum: 16fb2d4866f04aaf74f206d3df843e7a80b58a26fda47af29be51b27564c19966b1674c3acf679a26fdfa8a7e4b1b442a63cdab5db8cd3c57db7912f4473e343
  languageName: node
  linkType: hard

"yauzl@npm:^2.10.0":
  version: 2.10.0
  resolution: "yauzl@npm:2.10.0"
  dependencies:
    buffer-crc32: ~0.2.3
    fd-slicer: ~1.1.0
  checksum: 7f21fe0bbad6e2cb130044a5d1d0d5a0e5bf3d8d4f8c4e6ee12163ce798fee3de7388d22a7a0907f563ac5f9d40f8699a223d3d5c1718da90b0156da6904022b
  languageName: node
  linkType: hard

"zod@npm:^3.24.1":
  version: 3.25.76
  resolution: "zod@npm:3.25.76"
  checksum: c9a403a62b329188a5f6bd24d5d935d2bba345f7ab8151d1baa1505b5da9f227fb139354b043711490c798e91f3df75991395e40142e6510a4b16409f302b849
  languageName: node
  linkType: hard
